	<Project xmlns="http://schemas.microsoft.com/developer/msbuild/2003">
		<PropertyGroup>
			<ProjectGuid>{3049335D-6F03-46C3-A01E-7655CBD78FE5}</ProjectGuid>
			<ProjectVersion>13.4</ProjectVersion>
			<FrameworkType>VCL</FrameworkType>
			<MainSource>ScaleCeh.dpr</MainSource>
			<Base>True</Base>
			<Config Condition="'$(Config)'==''">Debug</Config>
			<Platform Condition="'$(Platform)'==''">Win32</Platform>
			<TargetedPlatforms>1</TargetedPlatforms>
			<AppType>Application</AppType>
		</PropertyGroup>
		<PropertyGroup Condition="'$(Config)'=='Base' or '$(Base)'!=''">
			<Base>true</Base>
		</PropertyGroup>
		<PropertyGroup Condition="('$(Platform)'=='Win64' and '$(Base)'=='true') or '$(Base_Win64)'!=''">
			<Base_Win64>true</Base_Win64>
			<CfgParent>Base</CfgParent>
			<Base>true</Base>
		</PropertyGroup>
		<PropertyGroup Condition="('$(Platform)'=='Win32' and '$(Base)'=='true') or '$(Base_Win32)'!=''">
			<Base_Win32>true</Base_Win32>
			<CfgParent>Base</CfgParent>
			<Base>true</Base>
		</PropertyGroup>
		<PropertyGroup Condition="'$(Config)'=='Debug' or '$(Cfg_1)'!=''">
			<Cfg_1>true</Cfg_1>
			<CfgParent>Base</CfgParent>
			<Base>true</Base>
		</PropertyGroup>
		<PropertyGroup Condition="('$(Platform)'=='Win32' and '$(Cfg_1)'=='true') or '$(Cfg_1_Win32)'!=''">
			<Cfg_1_Win32>true</Cfg_1_Win32>
			<CfgParent>Cfg_1</CfgParent>
			<Cfg_1>true</Cfg_1>
			<Base>true</Base>
		</PropertyGroup>
		<PropertyGroup Condition="'$(Config)'=='Release' or '$(Cfg_2)'!=''">
			<Cfg_2>true</Cfg_2>
			<CfgParent>Base</CfgParent>
			<Base>true</Base>
		</PropertyGroup>
		<PropertyGroup Condition="'$(Base)'!=''">
			<DCC_RangeChecking>true</DCC_RangeChecking>
			<DCC_IntegerOverflowCheck>true</DCC_IntegerOverflowCheck>
			<DCC_UsePackage>DBXInterBaseDriver;DataSnapServer;DataSnapCommon;DbxCommonDriver;dbxcds;CustomIPTransport;dsnap;IndyCore;bindcompfmx;dbrtl;bindcomp;inetdb;xmlrtl;soaprtl;bindengine;DBXInformixDriver;DBXFirebirdDriver;inet;DBXSybaseASADriver;dbexpress;fmx;IndySystem;DataSnapClient;DataSnapProviderClient;DBXOracleDriver;fmxase;inetdbxpress;rtl;DbxClientDriver;IndyProtocols;DBXMySQLDriver;fmxobj;fmxdae;DataSnapIndy10ServerTransport;$(DCC_UsePackage)</DCC_UsePackage>
			<Icon_MainIcon>$(BDS)\bin\delphi_PROJECTICON.ico</Icon_MainIcon>
			<DCC_Namespace>System;Xml;Data;Datasnap;Web;Soap;Vcl;Vcl.Imaging;Vcl.Touch;Vcl.Samples;Vcl.Shell;$(DCC_Namespace)</DCC_Namespace>
			<DCC_DcuOutput>.\$(Platform)\$(Config)</DCC_DcuOutput>
			<DCC_ExeOutput>.\$(Platform)\$(Config)</DCC_ExeOutput>
			<DCC_E>false</DCC_E>
			<DCC_N>false</DCC_N>
			<DCC_S>false</DCC_S>
			<DCC_F>false</DCC_F>
			<DCC_K>false</DCC_K>
		</PropertyGroup>
		<PropertyGroup Condition="'$(Base_Win64)'!=''">
			<DCC_UsePackage>dxTileControlRS16;cxLibraryRS16;dxSkinSevenRS16;dxPsPrVwAdvRS16;dxSkinSummer2008RS16;dxPSCoreRS16;cxPivotGridOLAPRS16;dxPScxGridLnkRS16;dxPScxTLLnkRS16;cxPageControlRS16;dxSkinVS2010RS16;vclimg;dxSkinDevExpressStyleRS16;dxSkinWhiteprintRS16;dxComnRS16;vcldb;dxSkinBlackRS16;dxADOServerModeRS16;dxBarExtDBItemsRS16;dxSkinXmas2008BlueRS16;dxSkinOffice2007BlueRS16;dxSkinOffice2007GreenRS16;cxDataRS16;cxBarEditItemRS16;dxDockingRS16;cxPageControldxBarPopupMenuRS16;dxPSDBTeeChartRS16;dxPSLnksRS16;dxBarExtItemsRS16;dxPSTeeChartRS16;dxPSdxLCLnkRS16;cxVerticalGridRS16;dxSkinSharpRS16;dxSkinOffice2007BlackRS16;dxorgcRS16;dxSkinBlueprintRS16;dxPScxExtCommonRS16;dxNavBarRS16;DBXOdbcDriver;dxdbtrRS16;dxSkinFoggyRS16;dxPScxSSLnkRS16;dxSkinDarkSideRS16;dxSkinscxPCPainterRS16;dxPSdxDBTVLnkRS16;vclactnband;dxPScxSchedulerLnkRS16;dxServerModeRS16;bindcompvcl;vclie;dxSkinSilverRS16;dsnapcon;dcldxSkinsCoreRS16;dxSkinLilianRS16;vclx;dxSkinValentineRS16;dxFlowChartRS16;dxGDIPlusRS16;dxSkinSharpPlusRS16;dxdborRS16;dxPScxVGridLnkRS16;dxLayoutControlRS16;dxPScxPivotGridLnkRS16;dxCoreRS16;cxExportRS16;ZComponent;dxBarRS16;dxSkinsdxNavBarPainterRS16;cxSpreadSheetRS16;cxTreeListdxBarPopupMenuRS16;TeeDB;dxDBXServerModeRS16;dxSkinCoffeeRS16;dxRibbonRS16;DBXSybaseASEDriver;cxTreeListRS16;dxSkinOffice2007SilverRS16;dxSkinsdxRibbonPainterRS16;vcldsnap;dxSkinBlueRS16;DBXDb2Driver;dxSkinDarkRoomRS16;frxe16;dxSkinscxSchedulerPainterRS16;vcl;dxSkinDevExpressDarkStyleRS16;DBXMSSQLDriver;cxSchedulerGridRS16;webdsnap;dxtrmdRS16;dxSkinsdxDLPainterRS16;dxSkinTheAsphaltWorldRS16;dxSkinOffice2010BlackRS16;dxSkinMoneyTwinsRS16;dxSkinPumpkinRS16;adortl;dxSkinHighContrastRS16;dxSkiniMaginaryRS16;ZDbc;dxPSdxDBOCLnkRS16;dxSkinLondonLiquidSkyRS16;dxSkinsdxBarPainterRS16;ZPlain;Tee;dxSkinGlassOceansRS16;dxSkinLiquidSkyRS16;dxSkinsCoreRS16;cxPivotGridChartRS16;dxPScxCommonRS16;dxmdsRS16;dxSpellCheckerRS16;dxPSPrVwRibbonRS16;cxGridRS16;cxEditorsRS16;TeeUI;cxPivotGridRS16;dxSkinSevenClassicRS16;cxSchedulerRS16;dxSkinOffice2010SilverRS16;vcltouch;ZCore;websnap;dxSkinOffice2007PinkRS16;VclSmp;dxSkinSpringTimeRS16;dxTabbedMDIRS16;DataSnapConnectors;dxSkinStardustRS16;dxPSdxOCLnkRS16;dxSkinOffice2010BlueRS16;dxPSdxFCLnkRS16;dxThemeRS16;dxPScxPCProdRS16;ZParseSql;dxSkinCaramelRS16;dxSkinMcSkinRS16;dxBarDBNavRS16;$(DCC_UsePackage)</DCC_UsePackage>
		</PropertyGroup>
		<PropertyGroup Condition="'$(Base_Win32)'!=''">
			<DCC_UsePackage>dxTileControlRS16;cxLibraryRS16;dxSkinSevenRS16;ProjectComponent;dxPsPrVwAdvRS16;dxSkinSummer2008RS16;dxPSCoreRS16;cxPivotGridOLAPRS16;dxPScxGridLnkRS16;dxPScxTLLnkRS16;cxPageControlRS16;dxSkinVS2010RS16;vclimg;dxSkinDevExpressStyleRS16;dxSkinWhiteprintRS16;fmi;RtmRxCtl160;dxComnRS16;vcldb;dxSkinBlackRS16;dxADOServerModeRS16;dxBarExtDBItemsRS16;dxSkinXmas2008BlueRS16;dxSkinOffice2007BlueRS16;CloudService;dxSkinOffice2007GreenRS16;FmxTeeUI;cxDataRS16;cxBarEditItemRS16;dxDockingRS16;cxPageControldxBarPopupMenuRS16;dxPSDBTeeChartRS16;dxPSLnksRS16;dxBarExtItemsRS16;dxPSTeeChartRS16;dxPSdxLCLnkRS16;cxVerticalGridRS16;dxSkinSharpRS16;dxSkinOffice2007BlackRS16;dxorgcRS16;ProjectDesignComponent;dxSkinBlueprintRS16;dxPScxExtCommonRS16;vcldbx;dxNavBarRS16;DBXOdbcDriver;dxdbtrRS16;dxSkinFoggyRS16;dxPScxSSLnkRS16;dxSkinDarkSideRS16;intrawebdb_120_160;frxDB16;dxSkinscxPCPainterRS16;dxPSdxDBTVLnkRS16;FMXTee;vclactnband;dxPScxSchedulerLnkRS16;dxServerModeRS16;bindcompvcl;fs16;vclie;dxSkinSilverRS16;dsnapcon;dcldxSkinsCoreRS16;dxSkinLilianRS16;vclx;dxSkinValentineRS16;dxFlowChartRS16;dxGDIPlusRS16;dxSkinSharpPlusRS16;dxdborRS16;dxPScxVGridLnkRS16;dxLayoutControlRS16;dxPScxPivotGridLnkRS16;dxCoreRS16;cxExportRS16;RtmRxBDE160;ZComponent;dxBarRS16;dxSkinsdxNavBarPainterRS16;cxSpreadSheetRS16;cxTreeListdxBarPopupMenuRS16;TeeDB;dxDBXServerModeRS16;dxSkinCoffeeRS16;Rave100VCL;inetdbbde;dxRibbonRS16;DBXSybaseASEDriver;cxTreeListRS16;dxSkinOffice2007SilverRS16;dxSkinsdxRibbonPainterRS16;vcldsnap;dxSkinBlueRS16;DBXDb2Driver;Intraweb_120_160;vclribbon;dxSkinDarkRoomRS16;frxe16;dxSkinscxSchedulerPainterRS16;vcl;dxSkinDevExpressDarkStyleRS16;DBXMSSQLDriver;RtmRxDB160;cxSchedulerGridRS16;webdsnap;dxtrmdRS16;dxSkinsdxDLPainterRS16;dxSkinTheAsphaltWorldRS16;ZeusDB;dxSkinOffice2010BlackRS16;dxSkinMoneyTwinsRS16;dxSkinPumpkinRS16;adortl;dxSkinHighContrastRS16;frxDBX16;dxSkiniMaginaryRS16;ZDbc;frx16;dxPSdxDBOCLnkRS16;dxSkinLondonLiquidSkyRS16;dxSkinsdxBarPainterRS16;ZPlain;Tee;dxSkinGlassOceansRS16;dxSkinLiquidSkyRS16;CasDB;dxSkinsCoreRS16;svnui;cxPivotGridChartRS16;dxPScxCommonRS16;dxmdsRS16;dxSpellCheckerRS16;dxPSPrVwRibbonRS16;cxGridRS16;cxEditorsRS16;TeeUI;cxPivotGridRS16;dxSkinSevenClassicRS16;cxSchedulerRS16;dxSkinOffice2010SilverRS16;vcltouch;ZCore;websnap;dxSkinOffice2007PinkRS16;VclSmp;dxSkinSpringTimeRS16;dxTabbedMDIRS16;fsDB16;DataSnapConnectors;dxSkinStardustRS16;dxPSdxOCLnkRS16;dxSkinOffice2010BlueRS16;dxPSdxFCLnkRS16;dxThemeRS16;dxPScxPCProdRS16;ZParseSql;svn;dxSkinCaramelRS16;bdertl;dxSkinMcSkinRS16;dxBarDBNavRS16;$(DCC_UsePackage)</DCC_UsePackage>
			<VerInfo_IncludeVerInfo>true</VerInfo_IncludeVerInfo>
			<DCC_Namespace>Winapi;System.Win;Data.Win;Datasnap.Win;Web.Win;Soap.Win;Xml.Win;Bde;$(DCC_Namespace)</DCC_Namespace>
			<VerInfo_Locale>1033</VerInfo_Locale>
			<Manifest_File>$(BDS)\bin\default_app.manifest</Manifest_File>
			<VerInfo_Keys>CompanyName=;FileDescription=;FileVersion=1.0.0.0;InternalName=;LegalCopyright=;LegalTrademarks=;OriginalFilename=;ProductName=;ProductVersion=1.0.0.0;Comments=</VerInfo_Keys>
		</PropertyGroup>
		<PropertyGroup Condition="'$(Cfg_1)'!=''">
			<DCC_Define>DEBUG;$(DCC_Define)</DCC_Define>
			<DCC_Optimize>false</DCC_Optimize>
			<DCC_GenerateStackFrames>true</DCC_GenerateStackFrames>
			<DCC_DebugInfoInExe>true</DCC_DebugInfoInExe>
			<DCC_RemoteDebug>true</DCC_RemoteDebug>
		</PropertyGroup>
		<PropertyGroup Condition="'$(Cfg_1_Win32)'!=''">
			<DCC_RangeChecking>true</DCC_RangeChecking>
			<Icon_MainIcon>0201.ico</Icon_MainIcon>
			<VerInfo_Keys>CompanyName=;FileDescription=;FileVersion=1.1.4.83;InternalName=;LegalCopyright=;LegalTrademarks=;OriginalFilename=;ProductName=;ProductVersion=1.0.0.0;Comments=</VerInfo_Keys>
			<VerInfo_Build>83</VerInfo_Build>
			<VerInfo_MinorVer>1</VerInfo_MinorVer>
			<VerInfo_Release>4</VerInfo_Release>
			<Debugger_RunParams>Scale_EXP.ini ves=21</Debugger_RunParams>
			<DCC_ExeOutput>..\BIN\</DCC_ExeOutput>
			<VerInfo_IncludeVerInfo>true</VerInfo_IncludeVerInfo>
			<DCC_DcuOutput>..\DCU</DCC_DcuOutput>
			<VerInfo_Locale>1033</VerInfo_Locale>
			<DCC_RemoteDebug>false</DCC_RemoteDebug>
		</PropertyGroup>
		<PropertyGroup Condition="'$(Cfg_2)'!=''">
			<DCC_LocalDebugSymbols>false</DCC_LocalDebugSymbols>
			<DCC_Define>RELEASE;$(DCC_Define)</DCC_Define>
			<DCC_SymbolReferenceInfo>0</DCC_SymbolReferenceInfo>
			<DCC_DebugInformation>false</DCC_DebugInformation>
		</PropertyGroup>
		<ItemGroup>
			<DelphiCompile Include="$(MainSource)">
				<MainSource>MainSource</MainSource>
			</DelphiCompile>
			<DCCReference Include="..\SOURCE\LoginForm.pas">
				<Form>LoginForm</Form>
			</DCCReference>
			<DCCReference Include="..\SOURCE\Storage.pas"/>
			<DCCReference Include="..\SOURCE\UtilConst.pas"/>
			<DCCReference Include="..\SOURCE\UtilConvert.pas"/>
			<DCCReference Include="..\SOURCE\COMPONENT\Updater.pas"/>
			<DCCReference Include="..\SOURCE\MessagesUnit.pas">
				<Form>MessagesForm</Form>
			</DCCReference>
			<DCCReference Include="..\SOURCE\SimpleGauge.pas">
				<Form>SimpleGaugeForm</Form>
			</DCCReference>
			<DCCReference Include="..\SOURCE\Log.pas"/>
			<DCCReference Include="..\SOURCE\Authentication.pas"/>
			<DCCReference Include="..\SOURCE\CommonData.pas"/>
			<DCCReference Include="..\SOURCE\COMPONENT\dsdDB.pas"/>
			<DCCReference Include="..\SOURCE\COMPONENT\dsdGuides.pas"/>
			<DCCReference Include="..\SOURCE\ParentForm.pas">
				<Form>ParentForm</Form>
			</DCCReference>
			<DCCReference Include="..\SOURCE\COMPONENT\dsdAddOn.pas"/>
			<DCCReference Include="..\SOURCE\COMPONENT\dsdAction.pas"/>
			<DCCReference Include="..\SOURCE\FormStorage.pas"/>
			<DCCReference Include="..\SOURCE\COMPONENT\ChoicePeriod.pas">
				<Form>PeriodChoiceForm</Form>
			</DCCReference>
			<DCCReference Include="..\SOURCE\COMPONENT\ClientBankLoad.pas"/>
			<DCCReference Include="..\SOURCE\COMPONENT\ExternalLoad.pas"/>
			<DCCReference Include="..\SOURCE\COMPONENT\ExternalData.pas"/>
			<DCCReference Include="..\SOURCE\COMPONENT\Document.pas"/>
			<DCCReference Include="..\SOURCE\UnilWin.pas"/>
			<DCCReference Include="..\SOURCE\COMPONENT\Defaults.pas"/>
			<DCCReference Include="..\SOURCE\COMPONENT\ExternalSave.pas"/>
			<DCCReference Include="..\Scale\Ancestor\AncestorDialogScale.pas">
				<Form>AncestorDialogScaleForm</Form>
			</DCCReference>
			<DCCReference Include="..\Scale\Util\UtilScale.pas"/>
			<DCCReference Include="..\SOURCE\DBF\VKDBFDataSet.pas"/>
			<DCCReference Include="..\SOURCE\DBF\VKDBFPrx.pas"/>
			<DCCReference Include="..\SOURCE\DBF\VKDBFUtil.pas"/>
			<DCCReference Include="..\SOURCE\DBF\VKDBFMemMgr.pas"/>
			<DCCReference Include="..\SOURCE\DBF\VKDBFCrypt.pas"/>
			<DCCReference Include="..\SOURCE\DBF\VKDBFGostCrypt.pas"/>
			<DCCReference Include="..\SOURCE\DBF\VKDBFCDX.pas"/>
			<DCCReference Include="..\SOURCE\DBF\VKDBFIndex.pas"/>
			<DCCReference Include="..\SOURCE\DBF\VKDBFSorters.pas"/>
			<DCCReference Include="..\SOURCE\DBF\VKDBFCollate.pas"/>
			<DCCReference Include="..\SOURCE\DBF\VKDBFParser.pas"/>
			<DCCReference Include="..\SOURCE\DBF\VKDBFNTX.pas"/>
			<DCCReference Include="..\SOURCE\DBF\VKDBFSortedList.pas"/>
			<DCCReference Include="..\SOURCE\MeDOC\MeDOC.pas"/>
			<DCCReference Include="..\SOURCE\MeDOC\MeDocXML.pas"/>
			<DCCReference Include="..\SOURCE\DevAddOn\cxGridAddOn.pas"/>
			<DCCReference Include="..\SOURCE\EDI\ComDocXML.pas"/>
			<DCCReference Include="..\SOURCE\EDI\DeclarXML.pas"/>
			<DCCReference Include="..\SOURCE\EDI\DesadvXML.pas"/>
			<DCCReference Include="..\SOURCE\EDI\EDI.pas"/>
			<DCCReference Include="..\SOURCE\EDI\OrderXML.pas"/>
			<DCCReference Include="..\SOURCE\EDI\InvoiceXML.pas"/>
			<DCCReference Include="..\SOURCE\COMPONENT\dsdInternetAction.pas"/>
			<DCCReference Include="..\SOURCE\COMPONENT\ExternalDocumentLoad.pas"/>
			<DCCReference Include="..\SOURCE\EDI\OrdrspXML.pas"/>
			<DCCReference Include="..\Scale\Util\UtilPrint.pas">
				<Form>UtilPrintForm</Form>
			</DCCReference>
			<DCCReference Include="..\Scale\Util\SysScalesLib_TLB.pas"/>
			<DCCReference Include="..\SOURCE\COMPONENT\FastReportAddOn.pas"/>
			<DCCReference Include="..\SOURCE\COMPONENT\dsdDataSetDataLink.pas"/>
			<DCCReference Include="..\SOURCE\dsdApplication.pas"/>
			<DCCReference Include="..\SOURCE\dsdException.pas"/>
			<DCCReference Include="..\SOURCE\EDI\StatusXML.pas"/>
			<DCCReference Include="..\SOURCE\DataModul.pas">
				<Form>dmMain</Form>
				<DesignClass>TDataModule</DesignClass>
			</DCCReference>
			<DCCReference Include="..\Scale\DialogDateReport.pas">
				<Form>DialogDateReportForm</Form>
				<DesignClass>TParentForm</DesignClass>
			</DCCReference>
			<DCCReference Include="..\Scale\DialogPrint.pas">
				<Form>DialogPrintForm</Form>
			</DCCReference>
			<DCCReference Include="..\Scale\Util\AxLibLib_TLB.pas"/>
			<DCCReference Include="..\ScaleCeh\Util\dmMainScaleCeh.pas">
				<Form>DMMainScaleCehForm</Form>
				<DesignClass>TDataModule</DesignClass>
			</DCCReference>
			<DCCReference Include="..\ScaleCeh\GuideMovementCeh.pas">
				<Form>GuideMovementCehForm</Form>
			</DCCReference>
			<DCCReference Include="..\ScaleCeh\MainCeh.pas">
				<Form>MainCehForm</Form>
			</DCCReference>
			<DCCReference Include="..\Scale\DialogMovementDesc.pas">
				<Form>DialogMovementDescForm</Form>
			</DCCReference>
			<DCCReference Include="..\ScaleCeh\Util\dmMainScale.pas"/>
			<DCCReference Include="..\Scale\GuidePartner.pas">
				<Form>GuidePartnerForm</Form>
			</DCCReference>
			<DCCReference Include="..\ScaleCeh\DialogMessage.pas">
				<Form>DialogMessageForm</Form>
			</DCCReference>
			<DCCReference Include="..\Scale\DialogStickerTare.pas">
				<Form>DialogStickerTareForm</Form>
			</DCCReference>
			<DCCReference Include="..\Scale\DialogStringValue.pas">
				<Form>DialogStringValueForm</Form>
			</DCCReference>
			<DCCReference Include="..\SOURCE\EDI\RecadvXML.pas"/>
			<DCCReference Include="..\ScaleCeh\GuideWorkProgress.pas">
				<Form>GuideWorkProgressForm</Form>
			</DCCReference>
			<DCCReference Include="..\SOURCE\LocalWorkUnit.pas"/>
			<DCCReference Include="..\SOURCE\MeDOC\IFIN_J1201009.pas"/>
			<DCCReference Include="..\SOURCE\MeDOC\IFIN_J1201209.pas"/>
			<DCCReference Include="..\SOURCE\LookAndFillSettings.pas">
				<Form>LookAndFillSettingsForm</Form>
			</DCCReference>
			<DCCReference Include="..\Scale\DialogNumberValue.pas">
				<Form>DialogNumberValueForm</Form>
			</DCCReference>
			<DCCReference Include="..\ScaleCeh\GuidePersonalGroup.pas">
				<Form>GuidePersonalGroupForm</Form>
			</DCCReference>
			<DCCReference Include="..\SOURCE\COMPONENT\dsdPivotGrid.pas"/>
			<DCCReference Include="..\ScaleCeh\GuideGoodsLine.pas">
				<Form>GuideGoodsLineForm</Form>
			</DCCReference>
			<DCCReference Include="..\SOURCE\COMPONENT\dsdExportToXLSAction.pas"/>
			<DCCReference Include="..\SOURCE\MeDOC\Medoc_J1201010.pas"/>
			<DCCReference Include="..\SOURCE\MeDOC\Medoc_J1201210.pas"/>
			<DCCReference Include="..\Scale\DialogDateValue.pas">
				<Form>DialogDateValueForm</Form>
			</DCCReference>
			<DCCReference Include="..\SOURCE\COMPONENT\dsdExportToXMLAction.pas"/>
			<DCCReference Include="..\ScaleCeh\Util\Oven\ModLink.pas"/>
			<DCCReference Include="..\ScaleCeh\Util\Oven\Oven.pas"/>
			<DCCReference Include="..\ScaleCeh\DialogBoxLight.pas">
				<Form>DialogBoxLightForm</Form>
			</DCCReference>
			<DCCReference Include="..\SOURCE\COMPONENT\PUSHMessage.pas">
				<Form>PUSHMessageForm</Form>
			</DCCReference>
			<DCCReference Include="..\ScaleCeh\DialogGoodsSeparate.pas">
				<Form>DialogGoodsSeparateForm</Form>
			</DCCReference>
			<DCCReference Include="..\SOURCE\EDI\DesadvFozzXML.pas"/>
			<DCCReference Include="..\SOURCE\EDI\IftminFozzXML.pas"/>
			<DCCReference Include="..\SOURCE\EDI\OrderSpFozzXML.pas"/>
			<DCCReference Include="..\Scale\GuideSubjectDoc.pas">
				<Form>GuideSubjectDocForm</Form>
			</DCCReference>
			<DCCReference Include="..\Scale\GuideUnit.pas">
				<Form>GuideUnitForm</Form>
			</DCCReference>
			<DCCReference Include="..\ScaleCeh\GuideArticleLoss.pas">
				<Form>GuideArticleLossForm</Form>
			</DCCReference>
			<DCCReference Include="..\SOURCE\COMPONENT\dsdTranslator.pas"/>
			<DCCReference Include="..\SOURCE\MeDOC\Medoc_J1201011.pas"/>
			<DCCReference Include="..\SOURCE\MeDOC\Medoc_J1201211.pas"/>
			<DCCReference Include="..\SOURCE\MeDOC\Medoc_J1201012.pas"/>
			<DCCReference Include="..\SOURCE\MeDOC\Medoc_J1201212.pas"/>
			<BuildConfiguration Include="Release">
				<Key>Cfg_2</Key>
				<CfgParent>Base</CfgParent>
			</BuildConfiguration>
			<BuildConfiguration Include="Base">
				<Key>Base</Key>
			</BuildConfiguration>
			<BuildConfiguration Include="Debug">
				<Key>Cfg_1</Key>
				<CfgParent>Base</CfgParent>
			</BuildConfiguration>
		</ItemGroup>
		<ProjectExtensions>
			<Borland.Personality>Delphi.Personality.12</Borland.Personality>
			<Borland.ProjectType/>
			<BorlandProject>
				<Delphi.Personality>
					<VersionInfo>
						<VersionInfo Name="IncludeVerInfo">False</VersionInfo>
						<VersionInfo Name="AutoIncBuild">False</VersionInfo>
						<VersionInfo Name="MajorVer">1</VersionInfo>
						<VersionInfo Name="MinorVer">0</VersionInfo>
						<VersionInfo Name="Release">0</VersionInfo>
						<VersionInfo Name="Build">0</VersionInfo>
						<VersionInfo Name="Debug">False</VersionInfo>
						<VersionInfo Name="PreRelease">False</VersionInfo>
						<VersionInfo Name="Special">False</VersionInfo>
						<VersionInfo Name="Private">False</VersionInfo>
						<VersionInfo Name="DLL">False</VersionInfo>
						<VersionInfo Name="Locale">1049</VersionInfo>
						<VersionInfo Name="CodePage">1251</VersionInfo>
					</VersionInfo>
					<VersionInfoKeys>
						<VersionInfoKeys Name="CompanyName"/>
						<VersionInfoKeys Name="FileDescription"/>
						<VersionInfoKeys Name="FileVersion">1.0.0.0</VersionInfoKeys>
						<VersionInfoKeys Name="InternalName"/>
						<VersionInfoKeys Name="LegalCopyright"/>
						<VersionInfoKeys Name="LegalTrademarks"/>
						<VersionInfoKeys Name="OriginalFilename"/>
						<VersionInfoKeys Name="ProductName"/>
						<VersionInfoKeys Name="ProductVersion">1.0.0.0</VersionInfoKeys>
						<VersionInfoKeys Name="Comments"/>
					</VersionInfoKeys>
					<Source>
						<Source Name="MainSource">ScaleCeh.dpr</Source>
					</Source>
					<Excluded_Packages>
						<Excluded_Packages Name="$(BDSBIN)\dcloffice2k160.bpl">Microsoft Office 2000 Sample Automation Server Wrapper Components</Excluded_Packages>
						<Excluded_Packages Name="$(BDSBIN)\dclofficexp160.bpl">Microsoft Office XP Sample Automation Server Wrapper Components</Excluded_Packages>
						<Excluded_Packages Name="$(BDSBIN)\dclIPIndyImpl160.bpl">IP Abstraction Indy Implementation Design Time</Excluded_Packages>
					</Excluded_Packages>
				</Delphi.Personality>
				<Deployment/>
				<Platforms>
					<Platform value="Win64">False</Platform>
					<Platform value="Win32">True</Platform>
				</Platforms>
				<UnitTesting>
					<TestProjectName>D:\Project-Basis\DPR\ScaleCeh.dproj</TestProjectName>
				</UnitTesting>
			</BorlandProject>
			<ProjectFileVersion>12</ProjectFileVersion>
		</ProjectExtensions>
		<Import Condition="Exists('$(BDS)\Bin\CodeGear.Delphi.Targets')" Project="$(BDS)\Bin\CodeGear.Delphi.Targets"/>
		<Import Condition="Exists('$(APPDATA)\Embarcadero\$(BDSAPPDATABASEDIR)\$(PRODUCTVERSION)\UserTools.proj')" Project="$(APPDATA)\Embarcadero\$(BDSAPPDATABASEDIR)\$(PRODUCTVERSION)\UserTools.proj"/>
	</Project>
