	<Project xmlns="http://schemas.microsoft.com/developer/msbuild/2003">
		<PropertyGroup>
			<ProjectGuid>{D8BAD5CF-CB27-4E81-AEC7-ABFCB1B2B50C}</ProjectGuid>
			<ProjectVersion>13.4</ProjectVersion>
			<FrameworkType>VCL</FrameworkType>
			<MainSource>FarmacyTest.dpr</MainSource>
			<Base>True</Base>
			<Config Condition="'$(Config)'==''">Debug</Config>
			<Platform Condition="'$(Platform)'==''">Win32</Platform>
			<TargetedPlatforms>1</TargetedPlatforms>
			<AppType>Application</AppType>
		</PropertyGroup>
		<PropertyGroup Condition="'$(Config)'=='Base' or '$(Base)'!=''">
			<Base>true</Base>
		</PropertyGroup>
		<PropertyGroup Condition="('$(Platform)'=='Win64' and '$(Base)'=='true') or '$(Base_Win64)'!=''">
			<Base_Win64>true</Base_Win64>
			<CfgParent>Base</CfgParent>
			<Base>true</Base>
		</PropertyGroup>
		<PropertyGroup Condition="('$(Platform)'=='Win32' and '$(Base)'=='true') or '$(Base_Win32)'!=''">
			<Base_Win32>true</Base_Win32>
			<CfgParent>Base</CfgParent>
			<Base>true</Base>
		</PropertyGroup>
		<PropertyGroup Condition="'$(Config)'=='Debug' or '$(Cfg_1)'!=''">
			<Cfg_1>true</Cfg_1>
			<CfgParent>Base</CfgParent>
			<Base>true</Base>
		</PropertyGroup>
		<PropertyGroup Condition="('$(Platform)'=='Win32' and '$(Cfg_1)'=='true') or '$(Cfg_1_Win32)'!=''">
			<Cfg_1_Win32>true</Cfg_1_Win32>
			<CfgParent>Cfg_1</CfgParent>
			<Cfg_1>true</Cfg_1>
			<Base>true</Base>
		</PropertyGroup>
		<PropertyGroup Condition="'$(Config)'=='Release' or '$(Cfg_2)'!=''">
			<Cfg_2>true</Cfg_2>
			<CfgParent>Base</CfgParent>
			<Base>true</Base>
		</PropertyGroup>
		<PropertyGroup Condition="'$(Base)'!=''">
			<DCC_Namespace>System;Xml;Data;Datasnap;Web;Soap;Vcl;Vcl.Imaging;Vcl.Touch;Vcl.Samples;Vcl.Shell;$(DCC_Namespace)</DCC_Namespace>
			<Icon_MainIcon>$(BDS)\bin\delphi_PROJECTICON.ico</Icon_MainIcon>
			<DCC_UsePackage>DBXInterBaseDriver;DataSnapServer;DataSnapCommon;DbxCommonDriver;dbxcds;CustomIPTransport;dsnap;IndyCore;JvDB;bindcompfmx;dbrtl;bindcomp;inetdb;JvPluginSystem;xmlrtl;ibxpress;bindengine;soaprtl;DBXInformixDriver;DBXFirebirdDriver;inet;DBXSybaseASADriver;dbexpress;fmx;JvDlgs;IndySystem;DataSnapClient;DataSnapProviderClient;DBXOracleDriver;JvCore;fmxase;inetdbxpress;rtl;DbxClientDriver;JvSystem;JvControls;IndyProtocols;DBXMySQLDriver;JvPageComps;JvStdCtrls;JvCustom;fmxobj;fmxdae;DataSnapIndy10ServerTransport;$(DCC_UsePackage)</DCC_UsePackage>
			<DCC_DcuOutput>.\$(Platform)\$(Config)</DCC_DcuOutput>
			<DCC_ExeOutput>.\$(Platform)\$(Config)</DCC_ExeOutput>
		</PropertyGroup>
		<PropertyGroup Condition="'$(Base_Win64)'!=''">
			<DCC_UsePackage>cxLibraryRS16;dxPSCoreRS16;cxPivotGridOLAPRS16;dxPScxGridLnkRS16;dxPScxTLLnkRS16;officeXPrt;cxPageControlRS16;vclimg;dxComnRS16;vcldb;dxADOServerModeRS16;cxPageControldxBarPopupMenuRS16;dxPSLnksRS16;dxBarExtItemsRS16;JclDeveloperTools;dxPSdxLCLnkRS16;cxVerticalGridRS16;dxorgcRS16;dxPScxExtCommonRS16;dxNavBarRS16;DBXOdbcDriver;dxPScxSSLnkRS16;vclactnband;dxServerModeRS16;bindcompvcl;Jcl;vclie;ipstudiowinclient;dsnapcon;vclx;dxFlowChartRS16;dxGDIPlusRS16;dxdborRS16;dxPScxPivotGridLnkRS16;dxCoreRS16;cxExportRS16;ZComponent;dxBarRS16;TeeDB;dxDBXServerModeRS16;cxSpreadSheetRS16;cxTreeListdxBarPopupMenuRS16;vclib;dxRibbonRS16;DBXSybaseASEDriver;cxTreeListRS16;vcldsnap;DBXDb2Driver;vcl;DBXMSSQLDriver;webdsnap;EhLib160;adortl;ZDbc;ZPlain;Tee;JclContainers;dxSkinsCoreRS16;dxmdsRS16;dxPScxCommonRS16;cxGridRS16;cxEditorsRS16;TeeUI;cxPivotGridRS16;ipstudiowin;cxSchedulerRS16;ZCore;vcltouch;websnap;VclSmp;dxTabbedMDIRS16;dxPSdxFCLnkRS16;dxThemeRS16;JclVcl;ZParseSql;dxBarDBNavRS16;$(DCC_UsePackage)</DCC_UsePackage>
		</PropertyGroup>
		<PropertyGroup Condition="'$(Base_Win32)'!=''">
			<DCC_UsePackage>dxTileControlRS16;JvGlobus;fsADO16;JvMM;cxLibraryRS16;JvManagedThreads;ipstudiowindataset;JvCrypt;frxBDE16;dxPSCoreRS16;cxPivotGridOLAPRS16;dxPScxGridLnkRS16;dxPScxTLLnkRS16;JvNet;officeXPrt;cxPageControlRS16;JvDotNetCtrls;fsIBX16;vclimg;QR5RunDXE2;fmi;RtmRxCtl160;dxComnRS16;JvXPCtrls;vcldb;dxADOServerModeRS16;CloudService;FmxTeeUI;cxDataRS16;cxBarEditItemRS16;dxDockingRS16;cxPageControldxBarPopupMenuRS16;ipstudiowinwordxp;JvRuntimeDesign;ADDONS_XE2;dxPSLnksRS16;dxBarExtItemsRS16;JclDeveloperTools;dxPSdxLCLnkRS16;DSDComponent;cxVerticalGridRS16;dxorgcRS16;dxPScxExtCommonRS16;vcldbx;dxNavBarRS16;DBXOdbcDriver;JvCmp;dxdbtrRS16;kassa;JvTimeFramework;dxPScxSSLnkRS16;fsBDE16;frxDB16;intrawebdb_120_160;fs16;vclactnband;FMXTee;dxPScxSchedulerLnkRS16;dxServerModeRS16;bindcompvcl;frxcs16;Jcl;vclie;ipstudiowinclient;dclfrxTee16;dsnapcon;JvPascalInterpreter;dcldxSkinsCoreRS16;vclx;T557_R100;dxFlowChartRS16;frxIBX16;dxGDIPlusRS16;JvBDE;dxdborRS16;dxPScxVGridLnkRS16;dxLayoutControlRS16;dxPScxPivotGridLnkRS16;dxCoreRS16;RtmRxBDE160;cxExportRS16;ZComponent;QExport4RT_D16;dxBarRS16;QRDBASE_D2007;TeeDB;dxDBXServerModeRS16;cxSpreadSheetRS16;cxTreeListdxBarPopupMenuRS16;frxTee16;inetdbbde;vclib;Rave100VCL;dxRibbonRS16;DBXSybaseASEDriver;cxTreeListRS16;vcldsnap;DBXDb2Driver;Intraweb_120_160;frxADO16;vclribbon;frxe16;vtable160;vcl;RtmRxDB160;DBXMSSQLDriver;CodeSiteExpressPkg;fsTee16;JvAppFrm;cxSchedulerGridRS16;webdsnap;dxtrmdRS16;EhLibDataDrivers160;EhLib160;JvDocking;adortl;JvWizards;JvHMI;frxDBX16;JvBands;ZDbc;frx16;ZPlain;Tee;JclContainers;dxSkinsCoreRS16;svnui;dxmdsRS16;dxSpellCheckerRS16;dxPScxCommonRS16;cxGridRS16;cxEditorsRS16;TeeUI;cxPivotGridRS16;JvJans;JvPrintPreview;ipstudiowin;QImport3RT_D16;cxSchedulerRS16;ZCore;vcltouch;websnap;DSDDesignComponent;VclSmp;dxTabbedMDIRS16;fsDB16;DataSnapConnectors;dxPSdxFCLnkRS16;dxThemeRS16;JclVcl;ZParseSql;svn;bdertl;dxBarDBNavRS16;$(DCC_UsePackage)</DCC_UsePackage>
			<VerInfo_IncludeVerInfo>true</VerInfo_IncludeVerInfo>
			<DCC_Namespace>Winapi;System.Win;Data.Win;Datasnap.Win;Web.Win;Soap.Win;Xml.Win;Bde;$(DCC_Namespace)</DCC_Namespace>
			<VerInfo_Locale>1033</VerInfo_Locale>
			<Manifest_File>$(BDS)\bin\default_app.manifest</Manifest_File>
			<VerInfo_Keys>CompanyName=;FileDescription=;FileVersion=1.0.0.0;InternalName=;LegalCopyright=;LegalTrademarks=;OriginalFilename=;ProductName=;ProductVersion=1.0.0.0;Comments=</VerInfo_Keys>
		</PropertyGroup>
		<PropertyGroup Condition="'$(Cfg_1)'!=''">
			<DCC_Define>DEBUG;$(DCC_Define)</DCC_Define>
			<DCC_Optimize>false</DCC_Optimize>
			<DCC_GenerateStackFrames>true</DCC_GenerateStackFrames>
			<DCC_DebugInfoInExe>true</DCC_DebugInfoInExe>
			<DCC_RemoteDebug>true</DCC_RemoteDebug>
		</PropertyGroup>
		<PropertyGroup Condition="'$(Cfg_1_Win32)'!=''">
			<DCC_ExeOutput>..\..\BIN</DCC_ExeOutput>
			<VerInfo_IncludeVerInfo>true</VerInfo_IncludeVerInfo>
			<VerInfo_Locale>1033</VerInfo_Locale>
			<DCC_DcuOutput>..\..\DCU</DCC_DcuOutput>
			<DCC_RemoteDebug>false</DCC_RemoteDebug>
		</PropertyGroup>
		<PropertyGroup Condition="'$(Cfg_2)'!=''">
			<DCC_LocalDebugSymbols>false</DCC_LocalDebugSymbols>
			<DCC_Define>RELEASE;$(DCC_Define)</DCC_Define>
			<DCC_SymbolReferenceInfo>0</DCC_SymbolReferenceInfo>
			<DCC_DebugInformation>false</DCC_DebugInformation>
		</PropertyGroup>
		<ItemGroup>
			<DelphiCompile Include="$(MainSource)">
				<MainSource>MainSource</MainSource>
			</DelphiCompile>
			<DCCReference Include="..\SOURCE\STRUCTURE\dbCreateStructureTest.pas"/>
			<DCCReference Include="..\SOURCE\METADATA\dbMetadataTest.pas"/>
			<DCCReference Include="..\SOURCE\zLibUtil.pas"/>
			<DCCReference Include="..\SOURCE\View\dbCreateViewTest.pas"/>
			<DCCReference Include="..\SOURCE\dbFarmacyProcedureTest.pas"/>
			<DCCReference Include="..\..\SOURCE\UtilConst.pas"/>
			<DCCReference Include="..\SOURCE\dbEnumTest.pas"/>
			<DCCReference Include="..\SOURCE\LoadFarmacyFormTest.pas"/>
			<DCCReference Include="..\..\Forms\Guides\PriceListGoodsItem.pas">
				<Form>PriceListGoodsItemForm</Form>
			</DCCReference>
			<DCCReference Include="..\..\SOURCE\CommonData.pas"/>
			<DCCReference Include="..\..\SOURCE\Authentication.pas"/>
			<DCCReference Include="..\..\SOURCE\FormStorage.pas"/>
			<DCCReference Include="..\..\SOURCE\ParentForm.pas">
				<Form>ParentForm</Form>
			</DCCReference>
			<DCCReference Include="..\..\SOURCE\Storage.pas"/>
			<DCCReference Include="..\..\SOURCE\UtilConvert.pas"/>
			<DCCReference Include="..\..\SOURCE\COMPONENT\dsdAction.pas"/>
			<DCCReference Include="..\..\SOURCE\COMPONENT\dsdAddOn.pas"/>
			<DCCReference Include="..\..\SOURCE\COMPONENT\dsdDB.pas"/>
			<DCCReference Include="..\..\SOURCE\COMPONENT\dsdGuides.pas"/>
			<DCCReference Include="..\..\SOURCE\DataModul.pas">
				<Form>dmMain</Form>
				<DesignClass>TDataModule</DesignClass>
			</DCCReference>
			<DCCReference Include="..\..\FormsFarmacy\Guides\ExtraChargeCategories.pas">
				<Form>ExtraChargeCategoriesForm</Form>
			</DCCReference>
			<DCCReference Include="..\..\FormsFarmacy\Guides\ExtraChargeCategoriesEdit.pas">
				<Form>ExtraChargeCategoriesEditForm</Form>
			</DCCReference>
			<DCCReference Include="..\..\FormsFarmacy\Guides\Goods.pas">
				<Form>GoodsForm</Form>
			</DCCReference>
			<DCCReference Include="..\..\FormsFarmacy\Guides\GoodsEdit.pas">
				<Form>GoodsEditForm</Form>
			</DCCReference>
			<DCCReference Include="..\..\FormsFarmacy\Guides\Units.pas">
				<Form>UnitForm</Form>
			</DCCReference>
			<DCCReference Include="..\SOURCE\dbTest.pas"/>
			<DCCReference Include="..\..\SOURCE\COMPONENT\ChoicePeriod.pas">
				<Form>PeriodChoiceForm</Form>
			</DCCReference>
			<DCCReference Include="..\..\SOURCE\COMPONENT\Defaults.pas"/>
			<DCCReference Include="..\..\SOURCE\UnilWin.pas"/>
			<DCCReference Include="..\..\SOURCE\MessagesUnit.pas">
				<Form>MessagesForm</Form>
			</DCCReference>
			<DCCReference Include="..\..\SOURCE\SimpleGauge.pas">
				<Form>SimpleGaugeForm</Form>
			</DCCReference>
			<DCCReference Include="..\..\SOURCE\COMPONENT\ClientBankLoad.pas"/>
			<DCCReference Include="..\..\SOURCE\COMPONENT\Document.pas"/>
			<DCCReference Include="..\..\SOURCE\COMPONENT\ExternalLoad.pas"/>
			<DCCReference Include="..\..\SOURCE\Log.pas"/>
			<DCCReference Include="..\..\SOURCE\COMPONENT\ExternalData.pas"/>
			<DCCReference Include="..\..\SOURCE\COMPONENT\ExternalSave.pas"/>
			<DCCReference Include="..\..\SOURCE\DBF\VKDBFDataSet.pas"/>
			<DCCReference Include="..\..\SOURCE\DBF\VKDBFPrx.pas"/>
			<DCCReference Include="..\..\SOURCE\DBF\VKDBFUtil.pas"/>
			<DCCReference Include="..\..\SOURCE\DBF\VKDBFMemMgr.pas"/>
			<DCCReference Include="..\..\SOURCE\DBF\VKDBFCrypt.pas"/>
			<DCCReference Include="..\..\SOURCE\DBF\VKDBFGostCrypt.pas"/>
			<DCCReference Include="..\..\SOURCE\DBF\VKDBFCDX.pas"/>
			<DCCReference Include="..\..\SOURCE\DBF\VKDBFIndex.pas"/>
			<DCCReference Include="..\..\SOURCE\DBF\VKDBFSorters.pas"/>
			<DCCReference Include="..\..\SOURCE\DBF\VKDBFCollate.pas"/>
			<DCCReference Include="..\..\SOURCE\DBF\VKDBFParser.pas"/>
			<DCCReference Include="..\..\SOURCE\DBF\VKDBFNTX.pas"/>
			<DCCReference Include="..\..\SOURCE\DBF\VKDBFSortedList.pas"/>
			<DCCReference Include="..\SOURCE\Objects\ObjectTest.pas"/>
			<DCCReference Include="..\..\SOURCE\DevAddOn\cxGridAddOn.pas"/>
			<DCCReference Include="..\..\SOURCE\MeDOC\MeDOC.pas"/>
			<DCCReference Include="..\..\SOURCE\MeDOC\MeDocXML.pas"/>
			<DCCReference Include="..\..\SOURCE\EDI\ComDocXML.pas"/>
			<DCCReference Include="..\..\SOURCE\EDI\DeclarXML.pas"/>
			<DCCReference Include="..\..\SOURCE\EDI\DesadvXML.pas"/>
			<DCCReference Include="..\..\SOURCE\EDI\EDI.pas"/>
			<DCCReference Include="..\..\SOURCE\EDI\OrderXML.pas"/>
			<DCCReference Include="..\..\Forms\Guides\GoodsGroup.pas">
				<Form>GoodsGroupForm</Form>
				<DesignClass>TParentForm</DesignClass>
			</DCCReference>
			<DCCReference Include="..\..\Forms\Guides\GoodsGroupEdit.pas">
				<Form>GoodsGroupEditForm</Form>
				<DesignClass>TParentForm</DesignClass>
			</DCCReference>
			<DCCReference Include="..\..\Forms\Measure.pas">
				<Form>MeasureForm</Form>
				<DesignClass>TParentForm</DesignClass>
			</DCCReference>
			<DCCReference Include="..\..\Forms\MeasureEdit.pas">
				<Form>MeasureEditForm</Form>
				<DesignClass>TParentForm</DesignClass>
			</DCCReference>
			<DCCReference Include="..\..\Forms\Guides\Maker.pas">
				<Form>MakerForm</Form>
				<DesignClass>TParentForm</DesignClass>
			</DCCReference>
			<DCCReference Include="..\..\Forms\Guides\MakerEdit.pas">
				<Form>MakerEditForm</Form>
				<DesignClass>TParentForm</DesignClass>
			</DCCReference>
			<DCCReference Include="..\..\Forms\Guides\Country.pas">
				<Form>CountryForm</Form>
				<DesignClass>TParentForm</DesignClass>
			</DCCReference>
			<DCCReference Include="..\..\Forms\Guides\CountryEdit.pas">
				<Form>CountryEditForm</Form>
				<DesignClass>TParentForm</DesignClass>
			</DCCReference>
			<DCCReference Include="..\..\Forms\Enum\NDSKind.pas">
				<Form>NDSKindForm</Form>
				<DesignClass>TParentForm</DesignClass>
			</DCCReference>
			<DCCReference Include="..\..\FormsFarmacy\Guides\UnitEdit.pas">
				<Form>UnitEditForm</Form>
				<DesignClass>TParentForm</DesignClass>
			</DCCReference>
			<DCCReference Include="..\..\Forms\Ancestor\AncestorBase.pas">
				<Form>AncestorBaseForm</Form>
				<DesignClass>TParentForm</DesignClass>
			</DCCReference>
			<DCCReference Include="..\..\Forms\Ancestor\AncestorData.pas">
				<Form>AncestorDataForm</Form>
				<DesignClass>TParentForm</DesignClass>
			</DCCReference>
			<DCCReference Include="..\..\Forms\Ancestor\AncestorDBGrid.pas">
				<Form>AncestorDBGridForm</Form>
				<DesignClass>TParentForm</DesignClass>
			</DCCReference>
			<DCCReference Include="..\..\Forms\Ancestor\AncestorDialog.pas">
				<Form>AncestorDialogForm</Form>
				<DesignClass>TParentForm</DesignClass>
			</DCCReference>
			<DCCReference Include="..\..\Forms\Ancestor\AncestorDocument.pas">
				<Form>AncestorDocumentForm</Form>
				<DesignClass>TParentForm</DesignClass>
			</DCCReference>
			<DCCReference Include="..\..\Forms\Ancestor\AncestorDocumentMC.pas">
				<Form>AncestorDocumentMCForm</Form>
				<DesignClass>TParentForm</DesignClass>
			</DCCReference>
			<DCCReference Include="..\..\Forms\Ancestor\AncestorEditDialog.pas">
				<Form>AncestorEditDialogForm</Form>
				<DesignClass>TParentForm</DesignClass>
			</DCCReference>
			<DCCReference Include="..\..\Forms\Ancestor\AncestorEnum.pas">
				<Form>AncestorEnumForm</Form>
				<DesignClass>TParentForm</DesignClass>
			</DCCReference>
			<DCCReference Include="..\..\Forms\Ancestor\AncestorGuides.pas">
				<Form>AncestorGuidesForm</Form>
				<DesignClass>TParentForm</DesignClass>
			</DCCReference>
			<DCCReference Include="..\..\Forms\Ancestor\AncestorJournal.pas">
				<Form>AncestorJournalForm</Form>
				<DesignClass>TParentForm</DesignClass>
			</DCCReference>
			<DCCReference Include="..\..\Forms\Ancestor\AncestorMain.pas">
				<Form>AncestorMainForm</Form>
			</DCCReference>
			<DCCReference Include="..\..\Forms\Ancestor\AncestorReport.pas">
				<Form>AncestorReportForm</Form>
				<DesignClass>TParentForm</DesignClass>
			</DCCReference>
			<DCCReference Include="..\..\SOURCE\AboutBoxUnit.pas">
				<Form>AboutBox</Form>
			</DCCReference>
			<DCCReference Include="..\SOURCE\Load\dbLoadTest.pas"/>
			<DCCReference Include="..\..\FormsFarmacy\Load\PriceListLoad.pas">
				<Form>PriceListLoadForm</Form>
				<DesignClass>TParentForm</DesignClass>
			</DCCReference>
			<DCCReference Include="..\SOURCE\Component\UpdaterTest.pas"/>
			<DCCReference Include="..\SOURCE\dbObjectTest.pas"/>
			<DCCReference Include="..\..\Forms\Guides\Retail.pas">
				<Form>RetailForm</Form>
				<DesignClass>TParentForm</DesignClass>
			</DCCReference>
			<DCCReference Include="..\..\Forms\Guides\RetailEdit.pas">
				<Form>RetailEditForm</Form>
				<DesignClass>TParentForm</DesignClass>
			</DCCReference>
			<DCCReference Include="..\..\FormsFarmacy\Guides\Juridical.pas">
				<Form>JuridicalForm</Form>
				<DesignClass>TParentForm</DesignClass>
			</DCCReference>
			<DCCReference Include="..\..\FormsFarmacy\Guides\JuridicalEdit.pas">
				<Form>JuridicalEditForm</Form>
				<DesignClass>TParentForm</DesignClass>
			</DCCReference>
			<DCCReference Include="..\SOURCE\Objects\All\ActionTest.pas"/>
			<DCCReference Include="..\..\FormsFarmacy\MainForm.pas">
				<Form>MainForm</Form>
			</DCCReference>
			<DCCReference Include="..\..\FormsFarmacy\Guides\Contract.pas">
				<Form>ContractForm</Form>
				<DesignClass>TParentForm</DesignClass>
			</DCCReference>
			<DCCReference Include="..\..\FormsFarmacy\Guides\ContractEdit.pas">
				<Form>ContractEditForm</Form>
				<DesignClass>TParentForm</DesignClass>
			</DCCReference>
			<DCCReference Include="..\..\FormsFarmacy\Document\Income.pas">
				<Form>IncomeForm</Form>
				<DesignClass>TParentForm</DesignClass>
			</DCCReference>
			<DCCReference Include="..\..\FormsFarmacy\Document\IncomeJournal.pas">
				<Form>IncomeJournalForm</Form>
				<DesignClass>TParentForm</DesignClass>
			</DCCReference>
			<DCCReference Include="..\..\FormsFarmacy\Document\PriceList.pas">
				<Form>PriceListForm</Form>
				<DesignClass>TParentForm</DesignClass>
			</DCCReference>
			<DCCReference Include="..\..\FormsFarmacy\Document\PriceListJournal.pas">
				<Form>PriceListJournalForm</Form>
				<DesignClass>TParentForm</DesignClass>
			</DCCReference>
			<DCCReference Include="..\..\FormsFarmacy\Document\OrderExternal.pas">
				<Form>OrderExternalForm</Form>
				<DesignClass>TParentForm</DesignClass>
			</DCCReference>
			<DCCReference Include="..\..\FormsFarmacy\Document\OrderExternalJournal.pas">
				<Form>OrderExternalJournalForm</Form>
				<DesignClass>TParentForm</DesignClass>
			</DCCReference>
			<DCCReference Include="..\..\FormsFarmacy\Document\OrderInternal.pas">
				<Form>OrderInternalForm</Form>
				<DesignClass>TParentForm</DesignClass>
			</DCCReference>
			<DCCReference Include="..\..\FormsFarmacy\Document\OrderInternalJournal.pas">
				<Form>OrderInternalJournalForm</Form>
				<DesignClass>TParentForm</DesignClass>
			</DCCReference>
			<DCCReference Include="..\..\Forms\User.pas">
				<Form>UserForm</Form>
				<DesignClass>TParentForm</DesignClass>
			</DCCReference>
			<DCCReference Include="..\..\Forms\UserEdit.pas">
				<Form>UserEditForm</Form>
				<DesignClass>TParentForm</DesignClass>
			</DCCReference>
			<DCCReference Include="..\..\Forms\Role.pas">
				<Form>RoleForm</Form>
				<DesignClass>TParentForm</DesignClass>
			</DCCReference>
			<DCCReference Include="..\..\Forms\RoleEdit.pas">
				<Form>RoleEditForm</Form>
				<DesignClass>TParentForm</DesignClass>
			</DCCReference>
			<DCCReference Include="..\SOURCE\Objects\All\RoleTest.pas"/>
			<DCCReference Include="..\SOURCE\Objects\All\ImportTypeTest.pas"/>
			<DCCReference Include="..\SOURCE\Objects\All\ImportTypeItemsTest.pas"/>
			<DCCReference Include="..\SOURCE\Component\ExternalLoadTest.pas"/>
			<DCCReference Include="..\..\FormsFarmacy\Guides\Unit_Object.pas">
				<Form>Unit_ObjectForm</Form>
				<DesignClass>TParentForm</DesignClass>
			</DCCReference>
			<DCCReference Include="..\..\FormsFarmacy\Load\ImportType.pas">
				<Form>ImportTypeForm</Form>
				<FormType>dfm</FormType>
				<DesignClass>TParentForm</DesignClass>
			</DCCReference>
			<DCCReference Include="..\SOURCE\Objects\All\Farmacy\JuridicalTest.pas"/>
			<DCCReference Include="..\SOURCE\ObjectHistory\CommonObjectHistoryProcedureTest.pas"/>
			<DCCReference Include="..\..\FormsFarmacy\Load\PriceListItemsLoad.pas">
				<Form>PriceListItemsLoadForm</Form>
				<FormType>dfm</FormType>
				<DesignClass>TParentForm</DesignClass>
			</DCCReference>
			<DCCReference Include="..\..\FormsFarmacy\Load\ImportSettings.pas">
				<Form>ImportSettingsForm</Form>
				<DesignClass>TParentForm</DesignClass>
			</DCCReference>
			<DCCReference Include="..\..\Forms\Enum\FileTypeKind.pas">
				<Form>FileTypeKindForm</Form>
				<DesignClass>TParentForm</DesignClass>
			</DCCReference>
			<BuildConfiguration Include="Release">
				<Key>Cfg_2</Key>
				<CfgParent>Base</CfgParent>
			</BuildConfiguration>
			<BuildConfiguration Include="Base">
				<Key>Base</Key>
			</BuildConfiguration>
			<BuildConfiguration Include="Debug">
				<Key>Cfg_1</Key>
				<CfgParent>Base</CfgParent>
			</BuildConfiguration>
		</ItemGroup>
		<ProjectExtensions>
			<Borland.Personality>Delphi.Personality.12</Borland.Personality>
			<Borland.ProjectType/>
			<BorlandProject>
				<Delphi.Personality>
					<VersionInfo>
						<VersionInfo Name="IncludeVerInfo">False</VersionInfo>
						<VersionInfo Name="AutoIncBuild">False</VersionInfo>
						<VersionInfo Name="MajorVer">1</VersionInfo>
						<VersionInfo Name="MinorVer">0</VersionInfo>
						<VersionInfo Name="Release">0</VersionInfo>
						<VersionInfo Name="Build">0</VersionInfo>
						<VersionInfo Name="Debug">False</VersionInfo>
						<VersionInfo Name="PreRelease">False</VersionInfo>
						<VersionInfo Name="Special">False</VersionInfo>
						<VersionInfo Name="Private">False</VersionInfo>
						<VersionInfo Name="DLL">False</VersionInfo>
						<VersionInfo Name="Locale">1049</VersionInfo>
						<VersionInfo Name="CodePage">1251</VersionInfo>
					</VersionInfo>
					<VersionInfoKeys>
						<VersionInfoKeys Name="CompanyName"/>
						<VersionInfoKeys Name="FileDescription"/>
						<VersionInfoKeys Name="FileVersion">1.0.0.0</VersionInfoKeys>
						<VersionInfoKeys Name="InternalName"/>
						<VersionInfoKeys Name="LegalCopyright"/>
						<VersionInfoKeys Name="LegalTrademarks"/>
						<VersionInfoKeys Name="OriginalFilename"/>
						<VersionInfoKeys Name="ProductName"/>
						<VersionInfoKeys Name="ProductVersion">1.0.0.0</VersionInfoKeys>
						<VersionInfoKeys Name="Comments"/>
					</VersionInfoKeys>
					<Excluded_Packages>
						<Excluded_Packages Name="C:\Users\Public\Documents\RAD Studio\9.0\Bpl\dcldxCoreD7.bpl">File C:\Users\Public\Documents\RAD Studio\9.0\Bpl\dcldxCoreD7.bpl not found</Excluded_Packages>
						<Excluded_Packages Name="C:\Users\Public\Documents\RAD Studio\9.0\Bpl\dacvcl160.bpl">Devart Data Access GUI related Components</Excluded_Packages>
						<Excluded_Packages Name="$(BDSBIN)\dclIPIndyImpl160.bpl">IP Abstraction Indy Implementation Design Time</Excluded_Packages>
					</Excluded_Packages>
					<Source>
						<Source Name="MainSource">FarmacyTest.dpr</Source>
					</Source>
				</Delphi.Personality>
				<Deployment/>
				<Platforms>
					<Platform value="Win64">False</Platform>
					<Platform value="Win32">True</Platform>
				</Platforms>
			</BorlandProject>
			<ProjectFileVersion>12</ProjectFileVersion>
		</ProjectExtensions>
		<Import Condition="Exists('$(BDS)\Bin\CodeGear.Delphi.Targets')" Project="$(BDS)\Bin\CodeGear.Delphi.Targets"/>
		<Import Condition="Exists('$(APPDATA)\Embarcadero\$(BDSAPPDATABASEDIR)\$(PRODUCTVERSION)\UserTools.proj')" Project="$(APPDATA)\Embarcadero\$(BDSAPPDATABASEDIR)\$(PRODUCTVERSION)\UserTools.proj"/>
	</Project>
