	<Project xmlns="http://schemas.microsoft.com/developer/msbuild/2003">
		<PropertyGroup>
			<ProjectGuid>{D8BAD5CF-CB27-4E81-AEC7-ABFCB1B2B50C}</ProjectGuid>
			<ProjectVersion>13.4</ProjectVersion>
			<FrameworkType>VCL</FrameworkType>
			<MainSource>PodiumTest.dpr</MainSource>
			<Base>True</Base>
			<Config Condition="'$(Config)'==''">Debug</Config>
			<Platform Condition="'$(Platform)'==''">Win32</Platform>
			<TargetedPlatforms>1</TargetedPlatforms>
			<AppType>Application</AppType>
		</PropertyGroup>
		<PropertyGroup Condition="'$(Config)'=='Base' or '$(Base)'!=''">
			<Base>true</Base>
		</PropertyGroup>
		<PropertyGroup Condition="('$(Platform)'=='Win64' and '$(Base)'=='true') or '$(Base_Win64)'!=''">
			<Base_Win64>true</Base_Win64>
			<CfgParent>Base</CfgParent>
			<Base>true</Base>
		</PropertyGroup>
		<PropertyGroup Condition="('$(Platform)'=='Win32' and '$(Base)'=='true') or '$(Base_Win32)'!=''">
			<Base_Win32>true</Base_Win32>
			<CfgParent>Base</CfgParent>
			<Base>true</Base>
		</PropertyGroup>
		<PropertyGroup Condition="'$(Config)'=='Debug' or '$(Cfg_1)'!=''">
			<Cfg_1>true</Cfg_1>
			<CfgParent>Base</CfgParent>
			<Base>true</Base>
		</PropertyGroup>
		<PropertyGroup Condition="('$(Platform)'=='Win32' and '$(Cfg_1)'=='true') or '$(Cfg_1_Win32)'!=''">
			<Cfg_1_Win32>true</Cfg_1_Win32>
			<CfgParent>Cfg_1</CfgParent>
			<Cfg_1>true</Cfg_1>
			<Base>true</Base>
		</PropertyGroup>
		<PropertyGroup Condition="'$(Config)'=='Release' or '$(Cfg_2)'!=''">
			<Cfg_2>true</Cfg_2>
			<CfgParent>Base</CfgParent>
			<Base>true</Base>
		</PropertyGroup>
		<PropertyGroup Condition="('$(Platform)'=='Win32' and '$(Cfg_2)'=='true') or '$(Cfg_2_Win32)'!=''">
			<Cfg_2_Win32>true</Cfg_2_Win32>
			<CfgParent>Cfg_2</CfgParent>
			<Cfg_2>true</Cfg_2>
			<Base>true</Base>
		</PropertyGroup>
		<PropertyGroup Condition="'$(Base)'!=''">
			<DCC_Namespace>System;Xml;Data;Datasnap;Web;Soap;Vcl;Vcl.Imaging;Vcl.Touch;Vcl.Samples;Vcl.Shell;$(DCC_Namespace)</DCC_Namespace>
			<Icon_MainIcon>$(BDS)\bin\delphi_PROJECTICON.ico</Icon_MainIcon>
			<DCC_UsePackage>DBXInterBaseDriver;DataSnapServer;DataSnapCommon;DbxCommonDriver;dbxcds;CustomIPTransport;dsnap;IndyCore;JvDB;bindcompfmx;dbrtl;bindcomp;inetdb;JvPluginSystem;xmlrtl;ibxpress;bindengine;soaprtl;DBXInformixDriver;DBXFirebirdDriver;inet;DBXSybaseASADriver;dbexpress;fmx;JvDlgs;IndySystem;DataSnapClient;DataSnapProviderClient;DBXOracleDriver;JvCore;fmxase;inetdbxpress;rtl;DbxClientDriver;JvSystem;JvControls;IndyProtocols;DBXMySQLDriver;JvPageComps;JvStdCtrls;JvCustom;fmxobj;fmxdae;DataSnapIndy10ServerTransport;$(DCC_UsePackage)</DCC_UsePackage>
			<DCC_DcuOutput>.\$(Platform)\$(Config)</DCC_DcuOutput>
			<DCC_ExeOutput>.\$(Platform)\$(Config)</DCC_ExeOutput>
		</PropertyGroup>
		<PropertyGroup Condition="'$(Base_Win64)'!=''">
			<DCC_UsePackage>cxLibraryRS16;dxPSCoreRS16;cxPivotGridOLAPRS16;dxPScxGridLnkRS16;dxPScxTLLnkRS16;officeXPrt;cxPageControlRS16;vclimg;dxComnRS16;vcldb;dxADOServerModeRS16;cxPageControldxBarPopupMenuRS16;dxPSLnksRS16;dxBarExtItemsRS16;JclDeveloperTools;dxPSdxLCLnkRS16;cxVerticalGridRS16;dxorgcRS16;dxPScxExtCommonRS16;dxNavBarRS16;DBXOdbcDriver;dxPScxSSLnkRS16;vclactnband;dxServerModeRS16;bindcompvcl;Jcl;vclie;ipstudiowinclient;dsnapcon;vclx;dxFlowChartRS16;dxGDIPlusRS16;dxdborRS16;dxPScxPivotGridLnkRS16;dxCoreRS16;cxExportRS16;ZComponent;dxBarRS16;TeeDB;dxDBXServerModeRS16;cxSpreadSheetRS16;cxTreeListdxBarPopupMenuRS16;vclib;dxRibbonRS16;DBXSybaseASEDriver;cxTreeListRS16;vcldsnap;DBXDb2Driver;vcl;DBXMSSQLDriver;webdsnap;EhLib160;adortl;ZDbc;ZPlain;Tee;JclContainers;dxSkinsCoreRS16;dxmdsRS16;dxPScxCommonRS16;cxGridRS16;cxEditorsRS16;TeeUI;cxPivotGridRS16;ipstudiowin;cxSchedulerRS16;ZCore;vcltouch;websnap;VclSmp;dxTabbedMDIRS16;dxPSdxFCLnkRS16;dxThemeRS16;JclVcl;ZParseSql;dxBarDBNavRS16;$(DCC_UsePackage)</DCC_UsePackage>
		</PropertyGroup>
		<PropertyGroup Condition="'$(Base_Win32)'!=''">
			<DCC_UsePackage>dxTileControlRS16;JvGlobus;fsADO16;JvMM;cxLibraryRS16;JvManagedThreads;ipstudiowindataset;JvCrypt;frxBDE16;dxPSCoreRS16;cxPivotGridOLAPRS16;dxPScxGridLnkRS16;dxPScxTLLnkRS16;JvNet;officeXPrt;cxPageControlRS16;JvDotNetCtrls;fsIBX16;vclimg;QR5RunDXE2;fmi;RtmRxCtl160;dxComnRS16;JvXPCtrls;vcldb;dxADOServerModeRS16;CloudService;FmxTeeUI;cxDataRS16;cxBarEditItemRS16;dxDockingRS16;cxPageControldxBarPopupMenuRS16;ipstudiowinwordxp;JvRuntimeDesign;ADDONS_XE2;dxPSLnksRS16;dxBarExtItemsRS16;JclDeveloperTools;dxPSdxLCLnkRS16;DSDComponent;cxVerticalGridRS16;dxorgcRS16;dxPScxExtCommonRS16;vcldbx;dxNavBarRS16;DBXOdbcDriver;JvCmp;dxdbtrRS16;kassa;JvTimeFramework;dxPScxSSLnkRS16;fsBDE16;frxDB16;intrawebdb_120_160;fs16;vclactnband;FMXTee;dxPScxSchedulerLnkRS16;dxServerModeRS16;bindcompvcl;frxcs16;Jcl;vclie;ipstudiowinclient;dclfrxTee16;dsnapcon;JvPascalInterpreter;dcldxSkinsCoreRS16;vclx;T557_R100;dxFlowChartRS16;frxIBX16;dxGDIPlusRS16;JvBDE;dxdborRS16;dxPScxVGridLnkRS16;dxLayoutControlRS16;dxPScxPivotGridLnkRS16;dxCoreRS16;RtmRxBDE160;cxExportRS16;ZComponent;QExport4RT_D16;dxBarRS16;QRDBASE_D2007;TeeDB;dxDBXServerModeRS16;cxSpreadSheetRS16;cxTreeListdxBarPopupMenuRS16;frxTee16;inetdbbde;vclib;Rave100VCL;dxRibbonRS16;DBXSybaseASEDriver;cxTreeListRS16;vcldsnap;DBXDb2Driver;Intraweb_120_160;frxADO16;vclribbon;frxe16;vtable160;vcl;RtmRxDB160;DBXMSSQLDriver;CodeSiteExpressPkg;fsTee16;JvAppFrm;cxSchedulerGridRS16;webdsnap;dxtrmdRS16;EhLibDataDrivers160;EhLib160;JvDocking;adortl;JvWizards;JvHMI;frxDBX16;JvBands;ZDbc;frx16;ZPlain;Tee;JclContainers;dxSkinsCoreRS16;svnui;dxmdsRS16;dxSpellCheckerRS16;dxPScxCommonRS16;cxGridRS16;cxEditorsRS16;TeeUI;cxPivotGridRS16;JvJans;JvPrintPreview;ipstudiowin;QImport3RT_D16;cxSchedulerRS16;ZCore;vcltouch;websnap;DSDDesignComponent;VclSmp;dxTabbedMDIRS16;fsDB16;DataSnapConnectors;dxPSdxFCLnkRS16;dxThemeRS16;JclVcl;ZParseSql;svn;bdertl;dxBarDBNavRS16;$(DCC_UsePackage)</DCC_UsePackage>
			<VerInfo_IncludeVerInfo>true</VerInfo_IncludeVerInfo>
			<DCC_Namespace>Winapi;System.Win;Data.Win;Datasnap.Win;Web.Win;Soap.Win;Xml.Win;Bde;$(DCC_Namespace)</DCC_Namespace>
			<VerInfo_Locale>1033</VerInfo_Locale>
			<Manifest_File>$(BDS)\bin\default_app.manifest</Manifest_File>
			<VerInfo_Keys>CompanyName=;FileDescription=;FileVersion=1.0.0.0;InternalName=;LegalCopyright=;LegalTrademarks=;OriginalFilename=;ProductName=;ProductVersion=1.0.0.0;Comments=</VerInfo_Keys>
		</PropertyGroup>
		<PropertyGroup Condition="'$(Cfg_1)'!=''">
			<DCC_Define>DEBUG;$(DCC_Define)</DCC_Define>
			<DCC_Optimize>false</DCC_Optimize>
			<DCC_GenerateStackFrames>true</DCC_GenerateStackFrames>
			<DCC_DebugInfoInExe>true</DCC_DebugInfoInExe>
			<DCC_RemoteDebug>true</DCC_RemoteDebug>
		</PropertyGroup>
		<PropertyGroup Condition="'$(Cfg_1_Win32)'!=''">
			<DCC_Define>Boutique;$(DCC_Define)</DCC_Define>
			<DCC_ExeOutput>..\..\BIN</DCC_ExeOutput>
			<VerInfo_IncludeVerInfo>true</VerInfo_IncludeVerInfo>
			<VerInfo_Locale>1033</VerInfo_Locale>
			<DCC_DcuOutput>..\..\DCU\Boutique</DCC_DcuOutput>
			<DCC_RemoteDebug>false</DCC_RemoteDebug>
		</PropertyGroup>
		<PropertyGroup Condition="'$(Cfg_2)'!=''">
			<DCC_LocalDebugSymbols>false</DCC_LocalDebugSymbols>
			<DCC_Define>RELEASE;$(DCC_Define)</DCC_Define>
			<DCC_SymbolReferenceInfo>0</DCC_SymbolReferenceInfo>
			<DCC_DebugInformation>false</DCC_DebugInformation>
		</PropertyGroup>
		<PropertyGroup Condition="'$(Cfg_2_Win32)'!=''">
			<BRCC_Defines>Boutique;$(BRCC_Defines)</BRCC_Defines>
			<DCC_ExeOutput>..\..\BIN</DCC_ExeOutput>
			<VerInfo_IncludeVerInfo>true</VerInfo_IncludeVerInfo>
			<VerInfo_Locale>1033</VerInfo_Locale>
			<DCC_DcuOutput>..\..\DCU\Boutique</DCC_DcuOutput>
		</PropertyGroup>
		<ItemGroup>
			<DelphiCompile Include="$(MainSource)">
				<MainSource>MainSource</MainSource>
			</DelphiCompile>
			<DCCReference Include="..\SOURCEBoutique\STRUCTURE\dbCreateStructureTest.pas"/>
			<DCCReference Include="..\SOURCEBoutique\METADATA\dbMetadataTest.pas"/>
			<DCCReference Include="..\SOURCEBoutique\zLibUtil.pas"/>
			<DCCReference Include="..\SOURCEBoutique\Function\CommonFunctionTest.pas"/>
			<DCCReference Include="..\SOURCEBoutique\dbPodiumProcedureTest.pas"/>
			<DCCReference Include="..\SOURCEBoutique\UtilConst.pas"/>
			<DCCReference Include="..\SOURCEBoutique\dbEnumTest.pas"/>
			<DCCReference Include="..\SOURCEBoutique\Process\ProcessTest.pas"/>
			<DCCReference Include="..\SOURCEBoutique\View\dbCreateViewTest.pas"/>
			<DCCReference Include="..\SOURCEBoutique\Defaults\DefaultsTest.pas"/>
			<DCCReference Include="..\SOURCEBoutique\LoadPodiumFormTest.pas"/>
			<DCCReference Include="..\..\SOURCE\CommonData.pas"/>
			<DCCReference Include="..\..\SOURCE\Authentication.pas"/>
			<DCCReference Include="..\..\SOURCE\FormStorage.pas"/>
			<DCCReference Include="..\..\SOURCE\ParentForm.pas">
				<Form>ParentForm</Form>
			</DCCReference>
			<DCCReference Include="..\..\SOURCE\Storage.pas"/>
			<DCCReference Include="..\..\SOURCE\UtilConvert.pas"/>
			<DCCReference Include="..\..\SOURCE\COMPONENT\dsdAction.pas"/>
			<DCCReference Include="..\..\SOURCE\COMPONENT\dsdAddOn.pas"/>
			<DCCReference Include="..\..\SOURCE\COMPONENT\dsdDB.pas"/>
			<DCCReference Include="..\..\SOURCE\COMPONENT\dsdGuides.pas"/>
			<DCCReference Include="..\..\SOURCE\DataModul.pas">
				<Form>dmMain</Form>
				<DesignClass>TDataModule</DesignClass>
			</DCCReference>
			<DCCReference Include="..\SOURCEBoutique\dbTest.pas"/>
			<DCCReference Include="..\..\SOURCE\COMPONENT\ChoicePeriod.pas">
				<Form>PeriodChoiceForm</Form>
			</DCCReference>
			<DCCReference Include="..\..\SOURCE\COMPONENT\Defaults.pas"/>
			<DCCReference Include="..\..\SOURCE\UnilWin.pas"/>
			<DCCReference Include="..\..\SOURCE\MessagesUnit.pas">
				<Form>MessagesForm</Form>
			</DCCReference>
			<DCCReference Include="..\..\SOURCE\SimpleGauge.pas">
				<Form>SimpleGaugeForm</Form>
			</DCCReference>
			<DCCReference Include="..\..\SOURCE\COMPONENT\ClientBankLoad.pas"/>
			<DCCReference Include="..\..\SOURCE\COMPONENT\Document.pas"/>
			<DCCReference Include="..\..\SOURCE\Log.pas"/>
			<DCCReference Include="..\..\SOURCE\COMPONENT\ExternalData.pas"/>
			<DCCReference Include="..\..\SOURCE\COMPONENT\ExternalSave.pas"/>
			<DCCReference Include="..\..\SOURCE\DBF\VKDBFDataSet.pas"/>
			<DCCReference Include="..\..\SOURCE\DBF\VKDBFPrx.pas"/>
			<DCCReference Include="..\..\SOURCE\DBF\VKDBFUtil.pas"/>
			<DCCReference Include="..\..\SOURCE\DBF\VKDBFMemMgr.pas"/>
			<DCCReference Include="..\..\SOURCE\DBF\VKDBFCrypt.pas"/>
			<DCCReference Include="..\..\SOURCE\DBF\VKDBFGostCrypt.pas"/>
			<DCCReference Include="..\..\SOURCE\DBF\VKDBFCDX.pas"/>
			<DCCReference Include="..\..\SOURCE\DBF\VKDBFIndex.pas"/>
			<DCCReference Include="..\..\SOURCE\DBF\VKDBFSorters.pas"/>
			<DCCReference Include="..\..\SOURCE\DBF\VKDBFCollate.pas"/>
			<DCCReference Include="..\..\SOURCE\DBF\VKDBFParser.pas"/>
			<DCCReference Include="..\..\SOURCE\DBF\VKDBFNTX.pas"/>
			<DCCReference Include="..\..\SOURCE\DBF\VKDBFSortedList.pas"/>
			<DCCReference Include="..\SOURCEBoutique\Objects\ObjectTest.pas"/>
			<DCCReference Include="..\..\SOURCE\DevAddOn\cxGridAddOn.pas"/>
			<DCCReference Include="..\..\SOURCE\MeDOC\MeDOC.pas"/>
			<DCCReference Include="..\..\SOURCE\MeDOC\MeDocXML.pas"/>
			<DCCReference Include="..\..\FormsBoutique\Guides\Measure.pas">
				<Form>MeasureForm</Form>
				<DesignClass>TParentForm</DesignClass>
			</DCCReference>
			<DCCReference Include="..\..\FormsBoutique\Guides\MeasureEdit.pas">
				<Form>MeasureEditForm</Form>
				<DesignClass>TParentForm</DesignClass>
			</DCCReference>
			<DCCReference Include="..\..\FormsBoutique\Guides\CompositionGroup.pas">
				<Form>CompositionGroupForm</Form>
				<DesignClass>TParentForm</DesignClass>
			</DCCReference>
			<DCCReference Include="..\..\FormsBoutique\Guides\CompositionGroupEdit.pas">
				<Form>CompositionGroupEditForm</Form>
				<DesignClass>TParentForm</DesignClass>
			</DCCReference>
			<DCCReference Include="..\..\FormsBoutique\Guides\Composition.pas">
				<Form>CompositionForm</Form>
				<DesignClass>TParentForm</DesignClass>
			</DCCReference>
			<DCCReference Include="..\..\FormsBoutique\Guides\CompositionEdit.pas">
				<Form>CompositionEditForm</Form>
				<DesignClass>TParentForm</DesignClass>
			</DCCReference>
			<DCCReference Include="..\..\FormsBoutique\Guides\CountryBrand.pas">
				<Form>CountryBrandForm</Form>
				<DesignClass>TParentForm</DesignClass>
			</DCCReference>
			<DCCReference Include="..\..\FormsBoutique\Guides\CountryBrandEdit.pas">
				<Form>CountryBrandEditForm</Form>
				<DesignClass>TParentForm</DesignClass>
			</DCCReference>
			<DCCReference Include="..\..\FormsBoutique\Guides\Brand.pas">
				<Form>BrandForm</Form>
				<DesignClass>TParentForm</DesignClass>
			</DCCReference>
			<DCCReference Include="..\..\FormsBoutique\Guides\BrandEdit.pas">
				<Form>BrandEditForm</Form>
				<DesignClass>TParentForm</DesignClass>
			</DCCReference>
			<DCCReference Include="..\..\FormsBoutique\Guides\Fabrika.pas">
				<Form>FabrikaForm</Form>
				<DesignClass>TParentForm</DesignClass>
			</DCCReference>
			<DCCReference Include="..\..\FormsBoutique\Guides\FabrikaEdit.pas">
				<Form>FabrikaEditForm</Form>
				<DesignClass>TParentForm</DesignClass>
			</DCCReference>
			<DCCReference Include="..\..\FormsBoutique\Guides\LineFabrica.pas">
				<Form>LineFabricaForm</Form>
				<DesignClass>TParentForm</DesignClass>
			</DCCReference>
			<DCCReference Include="..\..\FormsBoutique\Guides\LineFabricaEdit.pas">
				<Form>LineFabricaEditForm</Form>
				<DesignClass>TParentForm</DesignClass>
			</DCCReference>
			<DCCReference Include="..\..\FormsBoutique\Guides\GoodsInfo.pas">
				<Form>GoodsInfoForm</Form>
				<DesignClass>TParentForm</DesignClass>
			</DCCReference>
			<DCCReference Include="..\..\FormsBoutique\Guides\GoodsInfoEdit.pas">
				<Form>GoodsInfoEditForm</Form>
				<DesignClass>TParentForm</DesignClass>
			</DCCReference>
			<DCCReference Include="..\..\FormsBoutique\Guides\GoodsSize.pas">
				<Form>GoodsSizeForm</Form>
				<DesignClass>TParentForm</DesignClass>
			</DCCReference>
			<DCCReference Include="..\..\FormsBoutique\Guides\GoodsSizeEdit.pas">
				<Form>GoodsSizeEditForm</Form>
				<DesignClass>TParentForm</DesignClass>
			</DCCReference>
			<DCCReference Include="..\..\FormsBoutique\Guides\GoodsGroup.pas">
				<Form>GoodsGroupForm</Form>
				<DesignClass>TParentForm</DesignClass>
			</DCCReference>
			<DCCReference Include="..\..\FormsBoutique\Guides\GoodsGroupEdit.pas">
				<Form>GoodsGroupEditForm</Form>
				<DesignClass>TParentForm</DesignClass>
			</DCCReference>
			<DCCReference Include="..\..\FormsBoutique\Guides\GoodsGroup_Object.pas">
				<Form>GoodsGroup_ObjectForm</Form>
				<DesignClass>TParentForm</DesignClass>
			</DCCReference>
			<DCCReference Include="..\..\FormsBoutique\Guides\Cash.pas">
				<Form>CashForm</Form>
				<DesignClass>TParentForm</DesignClass>
			</DCCReference>
			<DCCReference Include="..\..\FormsBoutique\Guides\CashEdit.pas">
				<Form>CashEditForm</Form>
				<DesignClass>TParentForm</DesignClass>
			</DCCReference>
			<DCCReference Include="..\..\FormsBoutique\Guides\Currency.pas">
				<Form>CurrencyForm</Form>
				<DesignClass>TParentForm</DesignClass>
			</DCCReference>
			<DCCReference Include="..\..\FormsBoutique\Guides\CurrencyEdit.pas">
				<Form>CurrencyEditForm</Form>
				<DesignClass>TParentForm</DesignClass>
			</DCCReference>
			<DCCReference Include="..\..\FormsBoutique\Guides\Member.pas">
				<Form>MemberForm</Form>
				<DesignClass>TParentForm</DesignClass>
			</DCCReference>
			<DCCReference Include="..\..\FormsBoutique\Guides\MemberEdit.pas">
				<Form>MemberEditForm</Form>
				<DesignClass>TParentForm</DesignClass>
			</DCCReference>
			<DCCReference Include="..\..\FormsBoutique\Guides\Period.pas">
				<Form>PeriodForm</Form>
				<DesignClass>TParentForm</DesignClass>
			</DCCReference>
			<DCCReference Include="..\..\FormsBoutique\Guides\PeriodEdit.pas">
				<Form>PeriodEditForm</Form>
				<DesignClass>TParentForm</DesignClass>
			</DCCReference>
			<DCCReference Include="..\..\FormsBoutique\Guides\Discount.pas">
				<Form>DiscountForm</Form>
				<DesignClass>TParentForm</DesignClass>
			</DCCReference>
			<DCCReference Include="..\..\FormsBoutique\Guides\DiscountEdit.pas">
				<Form>DiscountEditForm</Form>
				<DesignClass>TParentForm</DesignClass>
			</DCCReference>
			<DCCReference Include="..\..\FormsBoutique\Guides\DiscountTools.pas">
				<Form>DiscountToolsForm</Form>
				<DesignClass>TParentForm</DesignClass>
			</DCCReference>
			<DCCReference Include="..\..\FormsBoutique\Guides\DiscountToolsEdit.pas">
				<Form>DiscountToolsEditForm</Form>
				<DesignClass>TParentForm</DesignClass>
			</DCCReference>
			<DCCReference Include="..\..\FormsBoutique\Guides\Partner.pas">
				<Form>PartnerForm</Form>
				<DesignClass>TParentForm</DesignClass>
			</DCCReference>
			<DCCReference Include="..\..\FormsBoutique\Guides\PartnerEdit.pas">
				<Form>PartnerEditForm</Form>
				<DesignClass>TParentForm</DesignClass>
			</DCCReference>
			<DCCReference Include="..\..\FormsBoutique\Guides\JuridicalGroup.pas">
				<Form>JuridicalGroupForm</Form>
				<DesignClass>TParentForm</DesignClass>
			</DCCReference>
			<DCCReference Include="..\..\FormsBoutique\Guides\JuridicalGroupEdit.pas">
				<Form>JuridicalGroupEditForm</Form>
				<DesignClass>TParentForm</DesignClass>
			</DCCReference>
			<DCCReference Include="..\..\FormsBoutique\Guides\JuridicalGroup_Object.pas">
				<Form>JuridicalGroup_ObjectForm</Form>
				<DesignClass>TParentForm</DesignClass>
			</DCCReference>
			<DCCReference Include="..\..\FormsBoutique\Guides\Juridical.pas">
				<Form>JuridicalForm</Form>
				<DesignClass>TParentForm</DesignClass>
			</DCCReference>
			<DCCReference Include="..\..\FormsBoutique\Guides\JuridicalEdit.pas">
				<Form>JuridicalEditForm</Form>
				<DesignClass>TParentForm</DesignClass>
			</DCCReference>
			<DCCReference Include="..\..\FormsBoutique\Guides\JuridicalBasis.pas">
				<Form>JuridicalBasis</Form>
				<DesignClass>TParentForm</DesignClass>
			</DCCReference>
			<DCCReference Include="..\..\FormsBoutique\Guides\Units.pas">
				<Form>UnitsForm</Form>
				<DesignClass>TParentForm</DesignClass>
			</DCCReference>
			<DCCReference Include="..\..\FormsBoutique\Guides\UnitEdit.pas">
				<Form>UnitsEditForm</Form>
				<DesignClass>TParentForm</DesignClass>
			</DCCReference>
			<DCCReference Include="..\..\FormsBoutique\Guides\Unit_Object.pas">
				<Form>UnitsEditForm</Form>
				<DesignClass>TParentForm</DesignClass>
			</DCCReference>
			<DCCReference Include="..\..\FormsBoutique\Guides\City.pas">
				<Form>CityForm</Form>
				<DesignClass>TParentForm</DesignClass>
			</DCCReference>
			<DCCReference Include="..\..\FormsBoutique\Guides\CityEdit.pas">
				<Form>CityEditForm</Form>
				<DesignClass>TParentForm</DesignClass>
			</DCCReference>
			<DCCReference Include="..\..\FormsBoutique\Guides\Client.pas">
				<Form>ClientForm</Form>
				<DesignClass>TParentForm</DesignClass>
			</DCCReference>
			<DCCReference Include="..\..\FormsBoutique\Guides\ClientEdit.pas">
				<Form>ClientEditForm</Form>
				<DesignClass>TParentForm</DesignClass>
			</DCCReference>
			<DCCReference Include="..\..\FormsBoutique\Guides\Labels.pas">
				<Form>LabelForm</Form>
				<DesignClass>TParentForm</DesignClass>
			</DCCReference>
			<DCCReference Include="..\..\FormsBoutique\Guides\LabelEdit.pas">
				<Form>LabelEditForm</Form>
				<DesignClass>TParentForm</DesignClass>
			</DCCReference>
			<DCCReference Include="..\..\FormsBoutique\Guides\Goods.pas">
				<Form>GoodsForm</Form>
				<DesignClass>TParentForm</DesignClass>
			</DCCReference>
			<DCCReference Include="..\..\FormsBoutique\Guides\GoodsEdit.pas">
				<Form>GoodsEditForm</Form>
				<DesignClass>TParentForm</DesignClass>
			</DCCReference>
			<DCCReference Include="..\..\FormsBoutique\Guides\GoodsTree.pas">
				<Form>GoodsTreeForm</Form>
				<DesignClass>TParentForm</DesignClass>
			</DCCReference>
			<DCCReference Include="..\..\FormsBoutique\Guides\DiscountKind.pas">
				<Form>DiscountKindForm</Form>
				<DesignClass>TParentForm</DesignClass>
			</DCCReference>
			<DCCReference Include="..\..\FormsBoutique\Guides\GoodsItem.pas">
				<Form>GoodsItemForm</Form>
				<DesignClass>TParentForm</DesignClass>
			</DCCReference>
			<DCCReference Include="..\..\FormsBoutique\Guides\GoodsItemEdit.pas">
				<Form>GoodsItemEditForm</Form>
				<DesignClass>TParentForm</DesignClass>
			</DCCReference>
			<DCCReference Include="..\..\FormsBoutique\Guides\Position.pas">
				<Form>PositionForm</Form>
				<DesignClass>TParentForm</DesignClass>
			</DCCReference>
			<DCCReference Include="..\..\FormsBoutique\Guides\PositionEdit.pas">
				<Form>PositionEditForm</Form>
				<DesignClass>TParentForm</DesignClass>
			</DCCReference>
			<DCCReference Include="..\..\FormsBoutique\Guides\Personal.pas">
				<Form>PersonalForm</Form>
				<DesignClass>TParentForm</DesignClass>
			</DCCReference>
			<DCCReference Include="..\..\FormsBoutique\Guides\PersonalEdit.pas">
				<Form>PersonalEditForm</Form>
				<DesignClass>TParentForm</DesignClass>
			</DCCReference>
			<DCCReference Include="..\..\Forms\Kind\ImportExportLinkType.pas">
				<Form>ImportExportLinkTypeForm</Form>
				<DesignClass>TParentForm</DesignClass>
			</DCCReference>
			<DCCReference Include="..\..\Forms\Ancestor\AncestorBase.pas">
				<Form>AncestorBaseForm</Form>
				<DesignClass>TParentForm</DesignClass>
			</DCCReference>
			<DCCReference Include="..\..\Forms\Ancestor\AncestorData.pas">
				<Form>AncestorDataForm</Form>
				<DesignClass>TParentForm</DesignClass>
			</DCCReference>
			<DCCReference Include="..\..\Forms\Ancestor\AncestorDBGrid.pas">
				<Form>AncestorDBGridForm</Form>
				<DesignClass>TParentForm</DesignClass>
			</DCCReference>
			<DCCReference Include="..\..\Forms\Ancestor\AncestorDialog.pas">
				<Form>AncestorDialogForm</Form>
				<DesignClass>TParentForm</DesignClass>
			</DCCReference>
			<DCCReference Include="..\..\Forms\Ancestor\AncestorDocument.pas">
				<Form>AncestorDocumentForm</Form>
				<DesignClass>TParentForm</DesignClass>
			</DCCReference>
			<DCCReference Include="..\..\Forms\Ancestor\AncestorDocumentMC.pas">
				<Form>AncestorDocumentMCForm</Form>
				<DesignClass>TParentForm</DesignClass>
			</DCCReference>
			<DCCReference Include="..\..\Forms\Ancestor\AncestorEditDialog.pas">
				<Form>AncestorEditDialogForm</Form>
				<DesignClass>TParentForm</DesignClass>
			</DCCReference>
			<DCCReference Include="..\..\Forms\Ancestor\AncestorEnum.pas">
				<Form>AncestorEnumForm</Form>
				<DesignClass>TParentForm</DesignClass>
			</DCCReference>
			<DCCReference Include="..\..\Forms\Ancestor\AncestorGuides.pas">
				<Form>AncestorGuidesForm</Form>
				<DesignClass>TParentForm</DesignClass>
			</DCCReference>
			<DCCReference Include="..\..\Forms\Ancestor\AncestorJournal.pas">
				<Form>AncestorJournalForm</Form>
				<DesignClass>TParentForm</DesignClass>
			</DCCReference>
			<DCCReference Include="..\..\SOURCE\AboutBoxUnit.pas">
				<Form>AboutBox</Form>
			</DCCReference>
			<DCCReference Include="..\SOURCEBoutique\Component\UpdaterTest.pas"/>
			<DCCReference Include="..\SOURCEBoutique\dbObjectTest.pas"/>
			<DCCReference Include="..\..\FormsBoutique\MainPodiumForm.pas">
				<Form>MainForm</Form>
			</DCCReference>
			<DCCReference Include="..\..\FormsBoutique\Guides\User.pas">
				<Form>UserForm</Form>
				<DesignClass>TParentForm</DesignClass>
			</DCCReference>
			<DCCReference Include="..\..\FormsBoutique\Guides\UserEdit.pas">
				<Form>UserEditForm</Form>
				<DesignClass>TParentForm</DesignClass>
			</DCCReference>
			<DCCReference Include="..\SOURCEBoutique\Objects\All\RoleTest.pas"/>
			<DCCReference Include="..\SOURCEBoutique\Objects\All\UserTest.pas"/>
			<DCCReference Include="..\SOURCEBoutique\Form\ParentFormTest.pas">
				<Form>TestForm</Form>
				<DesignClass>TParentForm</DesignClass>
			</DCCReference>
			<DCCReference Include="..\..\FormsBoutique\Guides\Objects.pas">
				<Form>ObjectForm</Form>
				<DesignClass>TParentForm</DesignClass>
			</DCCReference>
			<DCCReference Include="..\..\FormsBoutique\Guides\ObjectDesc.pas">
				<Form>ObjectDescForm</Form>
				<DesignClass>TParentForm</DesignClass>
			</DCCReference>
			<DCCReference Include="..\SOURCEBoutique\Objects\All\ActionTest.pas"/>
			<DCCReference Include="..\..\Forms\Ancestor\AncestorMain.pas">
				<Form>AncestorMainForm</Form>
			</DCCReference>
			<DCCReference Include="..\..\FormsBoutique\Guides\Protocol.pas">
				<Form>ProtocolForm</Form>
				<DesignClass>TParentForm</DesignClass>
			</DCCReference>
			<DCCReference Include="..\..\FormsBoutique\Guides\Account.pas">
				<Form>AccountForm</Form>
				<DesignClass>TParentForm</DesignClass>
			</DCCReference>
			<DCCReference Include="..\..\FormsBoutique\Guides\Account_Object.pas">
				<Form>Account_ObjectForm</Form>
				<DesignClass>TParentForm</DesignClass>
			</DCCReference>
			<DCCReference Include="..\..\FormsBoutique\Guides\AccountDirection.pas">
				<Form>AccountDirectionForm</Form>
				<DesignClass>TParentForm</DesignClass>
			</DCCReference>
			<DCCReference Include="..\..\FormsBoutique\Guides\AccountDirection_Object.pas">
				<Form>AccountDirection_ObjectForm</Form>
				<DesignClass>TParentForm</DesignClass>
			</DCCReference>
			<DCCReference Include="..\..\FormsBoutique\Guides\AccountDirectionEdit.pas">
				<Form>AccountDirectionEditForm</Form>
				<DesignClass>TParentForm</DesignClass>
			</DCCReference>
			<DCCReference Include="..\..\FormsBoutique\Guides\AccountEdit.pas">
				<Form>AccountEditForm</Form>
				<DesignClass>TParentForm</DesignClass>
			</DCCReference>
			<DCCReference Include="..\..\FormsBoutique\Guides\AccountGroup.pas">
				<Form>AccountGroupForm</Form>
				<DesignClass>TParentForm</DesignClass>
			</DCCReference>
			<DCCReference Include="..\..\FormsBoutique\Guides\AccountGroup_Object.pas">
				<Form>AccountGroup_ObjectForm</Form>
				<DesignClass>TParentForm</DesignClass>
			</DCCReference>
			<DCCReference Include="..\..\FormsBoutique\Guides\AccountGroupEdit.pas">
				<Form>AccountGroupEditForm</Form>
				<DesignClass>TParentForm</DesignClass>
			</DCCReference>
			<DCCReference Include="..\SOURCEBoutique\Objects\All\AccountDirectionTest.pas"/>
			<DCCReference Include="..\SOURCEBoutique\Objects\All\AccountGroupTest.pas"/>
			<DCCReference Include="..\SOURCEBoutique\Objects\All\AccountTest.pas"/>
			<DCCReference Include="..\..\Forms\Ancestor\AncestorReport.pas">
				<Form>AncestorReportForm</Form>
				<DesignClass>TParentForm</DesignClass>
			</DCCReference>
			<DCCReference Include="..\..\SOURCE\COMPONENT\dsdDataSetDataLink.pas"/>
			<DCCReference Include="..\..\SOURCE\dsdException.pas"/>
			<DCCReference Include="..\..\SOURCE\EDI\EDI.pas"/>
			<DCCReference Include="..\..\SOURCE\EDI\ComDocXML.pas"/>
			<DCCReference Include="..\..\SOURCE\EDI\OrderXML.pas"/>
			<DCCReference Include="..\..\SOURCE\EDI\DeclarXML.pas"/>
			<DCCReference Include="..\..\SOURCE\EDI\DesadvXML.pas"/>
			<DCCReference Include="..\..\SOURCE\EDI\InvoiceXML.pas"/>
			<DCCReference Include="..\..\SOURCE\EDI\OrdrspXML.pas"/>
			<DCCReference Include="..\..\SOURCE\EDI\RecadvXML.pas"/>
			<DCCReference Include="..\..\SOURCE\EDI\StatusXML.pas"/>
			<DCCReference Include="..\..\SOURCE\COMPONENT\dsdInternetAction.pas"/>
			<DCCReference Include="..\..\SOURCE\LookAndFillSettings.pas">
				<Form>LookAndFillSettingsForm</Form>
			</DCCReference>
			<DCCReference Include="..\..\SOURCE\COMPONENT\dsdXMLTransform.pas"/>
			<DCCReference Include="..\..\FormsBoutique\Document\IncomeJournal.pas">
				<Form>IncomeJournalForm</Form>
				<DesignClass>TParentForm</DesignClass>
			</DCCReference>
			<DCCReference Include="..\..\FormsBoutique\Document\Movement_PeriodDialog.pas">
				<Form>Movement_PeriodDialogForm</Form>
				<DesignClass>TParentForm</DesignClass>
			</DCCReference>
			<DCCReference Include="..\..\FormsBoutique\Document\IncomeItemPodiumEdit.pas">
				<Form>IncomeItemEditForm</Form>
				<DesignClass>TParentForm</DesignClass>
			</DCCReference>
			<DCCReference Include="..\..\FormsBoutique\Document\ReturnOutJournal.pas">
				<Form>ReturnOutJournalForm</Form>
				<DesignClass>TParentForm</DesignClass>
			</DCCReference>
			<DCCReference Include="..\..\FormsBoutique\Document\ReturnOut.pas">
				<Form>ReturnOutForm</Form>
				<DesignClass>TParentForm</DesignClass>
			</DCCReference>
			<DCCReference Include="..\..\FormsBoutique\Document\SendJournal.pas">
				<Form>SendJournalForm</Form>
				<DesignClass>TParentForm</DesignClass>
			</DCCReference>
			<DCCReference Include="..\..\FormsBoutique\Document\Send.pas">
				<Form>SendForm</Form>
				<DesignClass>TParentForm</DesignClass>
			</DCCReference>
			<DCCReference Include="..\SOURCEBoutique\LoadPodiumReportTest.pas"/>
			<DCCReference Include="..\..\FormsBoutique\Guides\PartionGoodsChoice.pas">
				<Form>PartionGoodsChoiceForm</Form>
				<DesignClass>TParentForm</DesignClass>
			</DCCReference>
			<DCCReference Include="..\..\FormsBoutique\Document\LossJournal.pas">
				<Form>LossJournalForm</Form>
				<DesignClass>TParentForm</DesignClass>
			</DCCReference>
			<DCCReference Include="..\..\FormsBoutique\Document\Loss.pas">
				<Form>LossForm</Form>
				<DesignClass>TParentForm</DesignClass>
			</DCCReference>
			<DCCReference Include="..\..\FormsBoutique\Document\CurrencyMovement.pas">
				<Form>CurrencyMovementForm</Form>
				<DesignClass>TParentForm</DesignClass>
			</DCCReference>
			<DCCReference Include="..\..\FormsBoutique\Guides\PriceList.pas">
				<Form>PriceListForm</Form>
				<DesignClass>TParentForm</DesignClass>
			</DCCReference>
			<DCCReference Include="..\..\FormsBoutique\Guides\PriceListEdit.pas">
				<Form>PriceListEditForm</Form>
				<DesignClass>TParentForm</DesignClass>
			</DCCReference>
			<DCCReference Include="..\..\FormsBoutique\Guides\PriceListItem.pas">
				<Form>PriceListItemForm</Form>
				<DesignClass>TParentForm</DesignClass>
			</DCCReference>
			<DCCReference Include="..\..\FormsBoutique\Guides\PriceListGoodsItem.pas">
				<Form>PriceListGoodsItemForm</Form>
				<DesignClass>TParentForm</DesignClass>
			</DCCReference>
			<DCCReference Include="..\..\FormsBoutique\Guides\PriceListGoodsItemEdit.pas">
				<Form>PriceListGoodsItemEditForm</Form>
				<DesignClass>TParentForm</DesignClass>
			</DCCReference>
			<DCCReference Include="..\..\FormsBoutique\Guides\PriceListTaxDialog.pas">
				<Form>PriceListTaxDialogForm</Form>
				<DesignClass>TParentForm</DesignClass>
			</DCCReference>
			<DCCReference Include="..\..\FormsBoutique\Guides\DiscountPeriodItem.pas">
				<Form>DiscountPeriodItemForm</Form>
				<DesignClass>TParentForm</DesignClass>
			</DCCReference>
			<DCCReference Include="..\..\FormsBoutique\Guides\DiscountPeriodGoodsItemEdit.pas">
				<Form>DiscountPeriodGoodsItemEditForm</Form>
				<DesignClass>TParentForm</DesignClass>
			</DCCReference>
			<DCCReference Include="..\..\FormsBoutique\Guides\DiscountPeriodGoodsItem.pas">
				<Form>DiscountPeriodGoodsItemForm</Form>
				<DesignClass>TParentForm</DesignClass>
			</DCCReference>
			<DCCReference Include="..\..\FormsBoutique\Document\Inventory.pas">
				<Form>InventoryForm</Form>
				<DesignClass>TParentForm</DesignClass>
			</DCCReference>
			<DCCReference Include="..\..\FormsBoutique\Document\InventoryJournal.pas">
				<Form>InventoryJournalForm</Form>
				<DesignClass>TParentForm</DesignClass>
			</DCCReference>
			<DCCReference Include="..\..\FormsBoutique\Guides\Role.pas">
				<Form>RoleForm</Form>
				<DesignClass>TParentForm</DesignClass>
			</DCCReference>
			<DCCReference Include="..\..\FormsBoutique\Guides\RoleEdit.pas">
				<Form>RoleEditForm</Form>
				<DesignClass>TParentForm</DesignClass>
			</DCCReference>
			<DCCReference Include="..\..\Forms\Action.pas">
				<Form>ActionForm</Form>
				<DesignClass>TParentForm</DesignClass>
			</DCCReference>
			<DCCReference Include="..\..\FormsBoutique\Guides\Bank.pas">
				<Form>BankForm</Form>
				<DesignClass>TParentForm</DesignClass>
			</DCCReference>
			<DCCReference Include="..\..\FormsBoutique\Guides\BankEdit.pas">
				<Form>BankEditForm</Form>
				<DesignClass>TParentForm</DesignClass>
			</DCCReference>
			<DCCReference Include="..\..\FormsBoutique\Guides\BankAccount.pas">
				<Form>BankAccountForm</Form>
				<DesignClass>TParentForm</DesignClass>
			</DCCReference>
			<DCCReference Include="..\..\FormsBoutique\Guides\BankAccountEdit.pas">
				<Form>BankAccountEditForm</Form>
				<DesignClass>TParentForm</DesignClass>
			</DCCReference>
			<DCCReference Include="..\..\FormsBoutique\Document\SalePodiumItemEdit.pas">
				<Form>SalePodiumItemEditForm</Form>
				<DesignClass>TParentForm</DesignClass>
			</DCCReference>
			<DCCReference Include="..\..\FormsBoutique\Guides\InfoMoneyGroup.pas">
				<Form>InfoMoneyGroupForm</Form>
				<DesignClass>TParentForm</DesignClass>
			</DCCReference>
			<DCCReference Include="..\..\FormsBoutique\Guides\InfoMoneyGroup_Object.pas">
				<Form>InfoMoneyGroup_ObjectForm</Form>
				<DesignClass>TParentForm</DesignClass>
			</DCCReference>
			<DCCReference Include="..\..\FormsBoutique\Guides\InfoMoneyGroupEdit.pas">
				<Form>InfoMoneyGroupEditForm</Form>
				<DesignClass>TParentForm</DesignClass>
			</DCCReference>
			<DCCReference Include="..\..\FormsBoutique\Guides\InfoMoneyDestination.pas">
				<Form>InfoMoneyDestinationForm</Form>
				<DesignClass>TParentForm</DesignClass>
			</DCCReference>
			<DCCReference Include="..\..\FormsBoutique\Guides\InfoMoneyDestination_Object.pas">
				<Form>InfoMoneyDestination_ObjectForm</Form>
				<DesignClass>TParentForm</DesignClass>
			</DCCReference>
			<DCCReference Include="..\..\FormsBoutique\Guides\InfoMoneyDestinationEdit.pas">
				<Form>InfoMoneyDestinationEditForm</Form>
				<DesignClass>TParentForm</DesignClass>
			</DCCReference>
			<DCCReference Include="..\..\FormsBoutique\Document\ReturnInJournal.pas">
				<Form>ReturnInJournalForm</Form>
				<DesignClass>TParentForm</DesignClass>
			</DCCReference>
			<DCCReference Include="..\..\FormsBoutique\Document\ReturnIn.pas">
				<Form>ReturnInForm</Form>
				<DesignClass>TParentForm</DesignClass>
			</DCCReference>
			<DCCReference Include="..\..\FormsBoutique\Document\ReturnInItemEdit.pas">
				<Form>ReturnInItemEditForm</Form>
				<DesignClass>TParentForm</DesignClass>
			</DCCReference>
			<DCCReference Include="..\..\FormsBoutique\Document\CurrencyJournal.pas">
				<Form>CurrencyJournalForm</Form>
				<DesignClass>TParentForm</DesignClass>
			</DCCReference>
			<DCCReference Include="..\..\FormsBoutique\Document\GoodsAccountItemEdit.pas">
				<Form>GoodsAccountItemEditForm</Form>
				<DesignClass>TParentForm</DesignClass>
			</DCCReference>
			<DCCReference Include="..\..\FormsBoutique\Document\GoodsAccount.pas">
				<Form>GoodsAccountForm</Form>
				<DesignClass>TParentForm</DesignClass>
			</DCCReference>
			<DCCReference Include="..\..\FormsBoutique\Document\GoodsAccountJournal.pas">
				<Form>GoodsAccountJournalForm</Form>
				<DesignClass>TParentForm</DesignClass>
			</DCCReference>
			<DCCReference Include="..\..\FormsBoutique\Report\Report_MovementReturnOutDialog.pas">
				<Form>Report_MovementReturnOutDialogForm</Form>
				<DesignClass>TParentForm</DesignClass>
			</DCCReference>
			<DCCReference Include="..\..\FormsBoutique\Report\Report_MovementSend.pas">
				<Form>Report_MovementSendForm</Form>
				<DesignClass>TParentForm</DesignClass>
			</DCCReference>
			<DCCReference Include="..\..\FormsBoutique\Report\Report_MovementSendDialog.pas">
				<Form>Report_MovementSendDialogForm</Form>
				<DesignClass>TParentForm</DesignClass>
			</DCCReference>
			<DCCReference Include="..\..\FormsBoutique\Report\Report_MovementLoss.pas">
				<Form>Report_MovementLossForm</Form>
				<DesignClass>TParentForm</DesignClass>
			</DCCReference>
			<DCCReference Include="..\..\FormsBoutique\Report\Report_MovementLossDialog.pas">
				<Form>Report_MovementLossDialogForm</Form>
				<DesignClass>TParentForm</DesignClass>
			</DCCReference>
			<DCCReference Include="..\..\FormsBoutique\Report\Report_MovementIncome.pas">
				<Form>Report_MovementIncomeForm</Form>
				<DesignClass>TParentForm</DesignClass>
			</DCCReference>
			<DCCReference Include="..\..\FormsBoutique\Report\Report_Balance.pas">
				<Form>Report_BalanceForm</Form>
				<DesignClass>TParentForm</DesignClass>
			</DCCReference>
			<DCCReference Include="..\..\FormsBoutique\Report\Report_BalanceDialog.pas">
				<Form>Report_BalanceDialogForm</Form>
				<DesignClass>TParentForm</DesignClass>
			</DCCReference>
			<DCCReference Include="..\..\FormsBoutique\Guides\InfoMoney.pas">
				<Form>InfoMoneyForm</Form>
				<DesignClass>TParentForm</DesignClass>
			</DCCReference>
			<DCCReference Include="..\..\FormsBoutique\Guides\InfoMoney_Object.pas">
				<Form>InfoMoney_ObjectForm</Form>
				<DesignClass>TParentForm</DesignClass>
			</DCCReference>
			<DCCReference Include="..\..\FormsBoutique\Guides\InfoMoneyEdit.pas">
				<Form>InfoMoneyEditForm</Form>
				<DesignClass>TParentForm</DesignClass>
			</DCCReference>
			<DCCReference Include="..\..\FormsBoutique\Guides\FormsUnit.pas">
				<Form>FormsUnit</Form>
				<DesignClass>TParentForm</DesignClass>
			</DCCReference>
			<DCCReference Include="..\..\FormsBoutique\Guides\ProfitLoss.pas">
				<Form>ProfitLoss</Form>
				<DesignClass>TParentForm</DesignClass>
			</DCCReference>
			<DCCReference Include="..\..\FormsBoutique\Guides\ProfitLoss_Object.pas">
				<Form>ProfitLoss_Object</Form>
				<DesignClass>TParentForm</DesignClass>
			</DCCReference>
			<DCCReference Include="..\..\FormsBoutique\Guides\ProfitLossEdit.pas">
				<Form>ProfitLossEdit</Form>
				<DesignClass>TParentForm</DesignClass>
			</DCCReference>
			<DCCReference Include="..\..\FormsBoutique\Guides\ProfitLossDirection.pas">
				<Form>ProfitLossDirection</Form>
				<DesignClass>TParentForm</DesignClass>
			</DCCReference>
			<DCCReference Include="..\..\FormsBoutique\Guides\ProfitLossDirection_Object.pas">
				<Form>ProfitLossDirection_Object</Form>
				<DesignClass>TParentForm</DesignClass>
			</DCCReference>
			<DCCReference Include="..\..\FormsBoutique\Guides\ProfitLossDirectionEdit.pas">
				<Form>ProfitLossDirectionEdit</Form>
				<DesignClass>TParentForm</DesignClass>
			</DCCReference>
			<DCCReference Include="..\..\FormsBoutique\Guides\ProfitLossGroup.pas">
				<Form>ProfitLossGroup</Form>
				<DesignClass>TParentForm</DesignClass>
			</DCCReference>
			<DCCReference Include="..\..\FormsBoutique\Guides\ProfitLossGroup_Object.pas">
				<Form>ProfitLossGroup_Object</Form>
				<DesignClass>TParentForm</DesignClass>
			</DCCReference>
			<DCCReference Include="..\..\FormsBoutique\Guides\ProfitLossGroupEdit.pas">
				<Form>ProfitLossGroupEdit</Form>
				<DesignClass>TParentForm</DesignClass>
			</DCCReference>
			<DCCReference Include="..\..\FormsBoutique\Guides\UserProtocol.pas">
				<Form>UserProtocol</Form>
				<DesignClass>TParentForm</DesignClass>
			</DCCReference>
			<DCCReference Include="..\..\FormsBoutique\Document\MovementItemProtocol.pas">
				<Form>MovementItemProtocolForm</Form>
				<DesignClass>TParentForm</DesignClass>
			</DCCReference>
			<DCCReference Include="..\..\FormsBoutique\Document\MovementProtocol.pas">
				<Form>MovementProtocolForm</Form>
				<DesignClass>TParentForm</DesignClass>
			</DCCReference>
			<DCCReference Include="..\..\FormsBoutique\Report\Report_ProfitLoss.pas">
				<Form>Report_ProfitLossForm</Form>
				<DesignClass>TParentForm</DesignClass>
			</DCCReference>
			<DCCReference Include="..\..\FormsBoutique\Report\Report_ProfitLossDialog.pas">
				<Form>Report_ProfitLossDialogForm</Form>
				<DesignClass>TParentForm</DesignClass>
			</DCCReference>
			<DCCReference Include="..\..\FormsBoutique\Document\MovementItemContainer.pas">
				<Form>MovementItemContainerForm</Form>
				<DesignClass>TParentForm</DesignClass>
			</DCCReference>
			<DCCReference Include="..\..\FormsBoutique\Report\Report_Goods_RemainsCurrent.pas">
				<Form>Report_Goods_RemainsCurrentForm</Form>
				<DesignClass>TParentForm</DesignClass>
			</DCCReference>
			<DCCReference Include="..\..\FormsBoutique\Report\Report_Goods_RemainsCurrentDialog.pas">
				<Form>Report_Goods_RemainsCurrentDialogForm</Form>
				<DesignClass>TParentForm</DesignClass>
			</DCCReference>
			<DCCReference Include="..\..\FormsBoutique\Report\Report_Goods.pas">
				<Form>Report_GoodsForm</Form>
				<DesignClass>TParentForm</DesignClass>
			</DCCReference>
			<DCCReference Include="..\..\FormsBoutique\Report\Report_GoodsDialog.pas">
				<Form>Report_GoodsDialogForm</Form>
				<DesignClass>TParentForm</DesignClass>
			</DCCReference>
			<DCCReference Include="..\..\FormsBoutique\Guides\GoodsSizeChoice.pas">
				<Form>GoodsSizeChoiceForm</Form>
				<DesignClass>TParentForm</DesignClass>
			</DCCReference>
			<DCCReference Include="..\..\FormsBoutique\Guides\DiscountPeriodItemDialog.pas">
				<Form>DiscountPeriodItemDialogForm</Form>
				<DesignClass>TParentForm</DesignClass>
			</DCCReference>
			<DCCReference Include="..\..\FormsBoutique\Report\Report_GoodsMI_AccountDialog.pas">
				<Form>Report_GoodsMI_AccountDialogForm</Form>
				<DesignClass>TParentForm</DesignClass>
			</DCCReference>
			<DCCReference Include="..\..\FormsBoutique\Report\Report_GoodsMI_Account.pas">
				<Form>Report_GoodsMI_AccountForm</Form>
				<DesignClass>TParentForm</DesignClass>
			</DCCReference>
			<DCCReference Include="..\..\FormsBoutique\Report\Report_SaleReturnIn.pas">
				<Form>Report_SaleReturnInForm</Form>
				<DesignClass>TParentForm</DesignClass>
			</DCCReference>
			<DCCReference Include="..\..\FormsBoutique\Report\Report_SaleReturnInDialog.pas">
				<Form>Report_SaleReturnInDialogForm</Form>
				<DesignClass>TParentForm</DesignClass>
			</DCCReference>
			<DCCReference Include="..\..\FormsBoutique\Report\Report_ClientDebt.pas">
				<Form>Report_ClientDebtForm</Form>
				<DesignClass>TParentForm</DesignClass>
			</DCCReference>
			<DCCReference Include="..\..\FormsBoutique\Report\Report_ClientDebtDialog.pas">
				<Form>Report_ClientDebtDialogForm</Form>
				<DesignClass>TParentForm</DesignClass>
			</DCCReference>
			<DCCReference Include="..\..\FormsBoutique\Report\Report_MovementIncomeDialog.pas">
				<Form>Report_MovementIncomeDialogForm</Form>
				<DesignClass>TParentForm</DesignClass>
			</DCCReference>
			<DCCReference Include="..\..\SOURCE\MeDOC\IFIN_J1201009.pas"/>
			<DCCReference Include="..\..\FormsBoutique\Document\GoodsAccount_ReturnIn.pas">
				<Form>GoodsAccount_ReturnInForm</Form>
				<DesignClass>TParentForm</DesignClass>
			</DCCReference>
			<DCCReference Include="..\..\FormsBoutique\Document\GoodsAccount_ReturnInJournal.pas">
				<Form>GoodsAccount_ReturnInJournalForm</Form>
				<DesignClass>TParentForm</DesignClass>
			</DCCReference>
			<DCCReference Include="..\..\FormsBoutique\Guides\GoodsPrintChoice.pas">
				<Form>GoodsPrintChoiceForm</Form>
				<DesignClass>TParentForm</DesignClass>
			</DCCReference>
			<DCCReference Include="..\..\FormsBoutique\Guides\GoodsPrint.pas">
				<Form>GoodsPrintForm</Form>
				<DesignClass>TParentForm</DesignClass>
			</DCCReference>
			<DCCReference Include="..\..\FormsBoutique\Report\Report_MotionByClient.pas">
				<Form>Report_MotionByClientForm</Form>
				<DesignClass>TParentForm</DesignClass>
			</DCCReference>
			<DCCReference Include="..\..\FormsBoutique\Report\Report_MotionByClientDialog.pas">
				<Form>Report_MotionByClientDialogForm</Form>
				<DesignClass>TParentForm</DesignClass>
			</DCCReference>
			<DCCReference Include="..\..\SOURCE\MeDOC\IFIN_J1201209.pas"/>
			<DCCReference Include="..\SOURCEBoutique\Container\CommonContainerProcedureTest.pas"/>
			<DCCReference Include="..\..\FormsBoutique\Report\Report_Sale_ContainerError.pas">
				<Form>Report_Sale_ContainerErrorForm</Form>
				<DesignClass>TParentForm</DesignClass>
			</DCCReference>
			<DCCReference Include="..\..\FormsBoutique\Report\Report_ReturnIn_TotalError.pas">
				<Form>Report_ReturnIn_TotalErrorForm</Form>
				<DesignClass>TParentForm</DesignClass>
			</DCCReference>
			<DCCReference Include="..\..\FormsBoutique\Report\Report_Sale_TotalError.pas">
				<Form>Report_Sale_TotalErrorForm</Form>
				<DesignClass>TParentForm</DesignClass>
			</DCCReference>
			<DCCReference Include="..\..\FormsBoutique\Report\Report_Client_TotalError.pas">
				<Form>Report_Client_TotalErrorForm</Form>
				<DesignClass>TParentForm</DesignClass>
			</DCCReference>
			<DCCReference Include="..\..\FormsBoutique\Report\Report_Client_LastError.pas">
				<Form>Report_Client_LastErrorForm</Form>
				<DesignClass>TParentForm</DesignClass>
			</DCCReference>
			<DCCReference Include="..\..\FormsBoutique\Report\Report_GoodsAccount_TotalError.pas">
				<Form>Report_GoodsAccount_TotalErrorForm</Form>
				<DesignClass>TParentForm</DesignClass>
			</DCCReference>
			<DCCReference Include="..\..\FormsBoutique\Report\Report_CollationByClientDialog.pas">
				<Form>Report_CollationByClientDialogForm</Form>
				<DesignClass>TParentForm</DesignClass>
			</DCCReference>
			<DCCReference Include="..\..\FormsBoutique\Report\Report_CollationByClient.pas">
				<Form>Report_CollationByClientForm</Form>
				<DesignClass>TParentForm</DesignClass>
			</DCCReference>
			<DCCReference Include="..\..\FormsBoutique\Guides\Unit_Dialog.pas">
				<Form>Unit_DialogForm</Form>
				<DesignClass>TParentForm</DesignClass>
			</DCCReference>
			<DCCReference Include="..\..\FormsBoutique\Report\Report_SaleOLAPDialog.pas">
				<Form>Report_SaleOLAPDialogForm</Form>
				<DesignClass>TParentForm</DesignClass>
			</DCCReference>
			<DCCReference Include="..\..\FormsBoutique\Report\Report_SaleOLAP.pas">
				<Form>Report_SaleOLAPForm</Form>
				<DesignClass>TParentForm</DesignClass>
			</DCCReference>
			<DCCReference Include="..\..\FormsBoutique\Guides\PeriodYear_Choice.pas">
				<Form>PeriodYear_ChoiceForm</Form>
				<DesignClass>TParentForm</DesignClass>
			</DCCReference>
			<DCCReference Include="..\..\FormsBoutique\Report\Report_ReturnIn.pas">
				<Form>Report_ReturnInForm</Form>
				<DesignClass>TParentForm</DesignClass>
			</DCCReference>
			<DCCReference Include="..\..\FormsBoutique\Report\Report_SaleDialog.pas">
				<Form>Report_SaleDialogForm</Form>
				<DesignClass>TParentForm</DesignClass>
			</DCCReference>
			<DCCReference Include="..\..\FormsBoutique\Report\Report_OH_DiscountPeriod.pas">
				<Form>Report_OH_DiscountPeriodForm</Form>
				<DesignClass>TParentForm</DesignClass>
			</DCCReference>
			<DCCReference Include="..\..\FormsBoutique\Report\Report_OH_DiscountPeriodDialog.pas">
				<Form>Report_OH_DiscountPeriodDialogForm</Form>
				<DesignClass>TParentForm</DesignClass>
			</DCCReference>
			<DCCReference Include="..\..\FormsBoutique\Guides\DiscountPeriod.pas">
				<Form>DiscountPeriodForm</Form>
				<DesignClass>TParentForm</DesignClass>
			</DCCReference>
			<DCCReference Include="..\..\FormsBoutique\Guides\DiscountPeriodEdit.pas">
				<Form>DiscountPeriodEditForm</Form>
				<DesignClass>TParentForm</DesignClass>
			</DCCReference>
			<DCCReference Include="..\..\FormsBoutique\Guides\PriceListItemDialog.pas">
				<Form>PriceListItemDialogForm</Form>
				<DesignClass>TParentForm</DesignClass>
			</DCCReference>
			<DCCReference Include="..\..\FormsBoutique\Report\Report_Sale.pas">
				<Form>Report_SaleForm</Form>
				<DesignClass>TParentForm</DesignClass>
			</DCCReference>
			<DCCReference Include="..\..\FormsBoutique\Report\Report_MovementReturnOut.pas">
				<Form>Report_MovementReturnOutForm</Form>
				<DesignClass>TParentForm</DesignClass>
			</DCCReference>
			<DCCReference Include="..\..\FormsBoutique\Guides\IncomeKoeffEdit.pas">
				<Form>IncomeKoeffEditForm</Form>
				<DesignClass>TParentForm</DesignClass>
			</DCCReference>
			<DCCReference Include="..\..\FormsBoutique\Document\InventoryItemEdit.pas">
				<Form>InventoryItemEditForm</Form>
				<DesignClass>TParentForm</DesignClass>
			</DCCReference>
			<DCCReference Include="..\..\FormsBoutique\Guides\ClientSMSDialog.pas">
				<Form>ClientSMSDialogForm</Form>
				<DesignClass>TParentForm</DesignClass>
			</DCCReference>
			<DCCReference Include="..\..\FormsBoutique\Guides\ClientSMS.pas">
				<Form>ClientSMSForm</Form>
				<DesignClass>TParentForm</DesignClass>
			</DCCReference>
			<DCCReference Include="..\..\FormsBoutique\Document\DiscountPeriodItemBySendDialog.pas">
				<Form>DiscountPeriodItemBySendDialogForm</Form>
				<DesignClass>TParentForm</DesignClass>
			</DCCReference>
			<DCCReference Include="..\..\FormsBoutique\Document\Income.pas">
				<Form>IncomeForm</Form>
				<DesignClass>TParentForm</DesignClass>
			</DCCReference>
			<DCCReference Include="..\..\FormsBoutique\Guides\DiscountPersentDialog.pas">
				<Form>DiscountPersentDialogForm</Form>
				<DesignClass>TParentForm</DesignClass>
			</DCCReference>
			<DCCReference Include="..\..\FormsBoutique\Guides\Process.pas">
				<Form>ProcessForm</Form>
				<DesignClass>TParentForm</DesignClass>
			</DCCReference>
			<DCCReference Include="..\..\FormsBoutique\Guides\GoodsSizeChoiceByCode.pas">
				<Form>GoodsSizeChoicebyCodeForm</Form>
				<DesignClass>TParentForm</DesignClass>
			</DCCReference>
			<DCCReference Include="..\..\FormsBoutique\Report\Report_GoodsCode.pas">
				<Form>Report_GoodsCodeForm</Form>
				<DesignClass>TParentForm</DesignClass>
			</DCCReference>
			<DCCReference Include="..\..\FormsBoutique\Report\Report_GoodsCodeDialog.pas">
				<Form>Report_GoodsCodeDialogForm</Form>
				<DesignClass>TParentForm</DesignClass>
			</DCCReference>
			<DCCReference Include="..\..\FormsBoutique\Report\Report_SaleOLAP_AnalysisDialog.pas">
				<Form>Report_SaleOLAP_AnalysisDialogForm</Form>
				<DesignClass>TParentForm</DesignClass>
			</DCCReference>
			<DCCReference Include="..\..\FormsBoutique\Report\Report_SaleOLAP_Analysis.pas">
				<Form>Report_SaleOLAP_AnalysisForm</Form>
				<DesignClass>TParentForm</DesignClass>
			</DCCReference>
			<DCCReference Include="..\..\FormsBoutique\System\MovementDescForms.pas">
				<Form>MovementDescDataForm</Form>
				<DesignClass>TParentForm</DesignClass>
			</DCCReference>
			<DCCReference Include="..\..\FormsBoutique\Document\CashJournal.pas">
				<Form>CashJournalForm</Form>
				<DesignClass>TParentForm</DesignClass>
			</DCCReference>
			<DCCReference Include="..\..\FormsBoutique\Document\CashOperation.pas">
				<Form>CashOperationForm</Form>
				<DesignClass>TParentForm</DesignClass>
			</DCCReference>
			<DCCReference Include="..\..\FormsBoutique\Guides\MoneyPlaceCash_Object.pas">
				<Form>MoneyPlaceCash_ObjectForm</Form>
				<DesignClass>TParentForm</DesignClass>
			</DCCReference>
			<DCCReference Include="..\..\FormsBoutique\Report\Report_Sale_AnalysisDialog.pas">
				<Form>Report_Sale_AnalysisDialogForm</Form>
				<DesignClass>TParentForm</DesignClass>
			</DCCReference>
			<DCCReference Include="..\..\SOURCE\COMPONENT\dsdPivotGrid.pas"/>
			<DCCReference Include="..\..\FormsBoutique\Document\IncomeItemPriceDialog.pas">
				<Form>IncomeItemPriceDialogForm</Form>
				<DesignClass>TParentForm</DesignClass>
			</DCCReference>
			<DCCReference Include="..\..\FormsBoutique\Report\Report_Sale_Analysis.pas">
				<Form>Report_Sale_AnalysisForm</Form>
				<DesignClass>TParentForm</DesignClass>
			</DCCReference>
			<DCCReference Include="..\..\SOURCE\MeDOC\Medoc_J1201010.pas"/>
			<DCCReference Include="..\..\SOURCE\MeDOC\Medoc_J1201210.pas"/>
			<DCCReference Include="..\..\SOURCE\COMPONENT\dsdExportToXLSAction.pas"/>
			<DCCReference Include="..\..\SOURCE\COMPONENT\dsdExportToXMLAction.pas"/>
			<DCCReference Include="..\..\FormsBoutique\Report\Report_Sale_AnalysisAll.pas">
				<Form>Report_Sale_AnalysisAllForm</Form>
				<DesignClass>TParentForm</DesignClass>
			</DCCReference>
			<DCCReference Include="..\..\FormsBoutique\Report\Report_ProfitLossPeriod.pas">
				<Form>Report_ProfitLossPeriodForm</Form>
				<DesignClass>TParentForm</DesignClass>
			</DCCReference>
			<DCCReference Include="..\..\FormsBoutique\Report\Report_ProfitLossPeriodDialog.pas">
				<Form>Report_ProfitLossPeriodDialogForm</Form>
				<DesignClass>TParentForm</DesignClass>
			</DCCReference>
			<DCCReference Include="..\..\FormsBoutique\Guides\ProfitLossDemo.pas">
				<Form>ProfitLossDemoForm</Form>
				<DesignClass>TParentForm</DesignClass>
			</DCCReference>
			<DCCReference Include="..\..\FormsBoutique\Report\Report_ProfitDemo.pas">
				<Form>Report_ProfitDemoForm</Form>
				<DesignClass>TParentForm</DesignClass>
			</DCCReference>
			<DCCReference Include="..\..\FormsBoutique\Report\Report_ProfitDemoPeriod.pas">
				<Form>Report_ProfitDemoPeriodForm</Form>
				<DesignClass>TParentForm</DesignClass>
			</DCCReference>
			<DCCReference Include="..\..\FormsBoutique\Import\ImportType.pas">
				<Form>ImportTypeForm</Form>
				<DesignClass>TParentForm</DesignClass>
			</DCCReference>
			<DCCReference Include="..\..\FormsBoutique\Import\ImportSettings.pas">
				<Form>ImportSettingsForm</Form>
				<DesignClass>TParentForm</DesignClass>
			</DCCReference>
			<DCCReference Include="..\..\SOURCE\COMPONENT\ExternalLoad.pas"/>
			<DCCReference Include="..\..\SOURCE\COMPONENT\PUSHMessage.pas">
				<Form>PUSHMessageForm</Form>
			</DCCReference>
			<DCCReference Include="..\..\SOURCE\EDI\DesadvFozzXML.pas"/>
			<DCCReference Include="..\..\SOURCE\EDI\IftminFozzXML.pas"/>
			<DCCReference Include="..\..\SOURCE\EDI\OrderSpFozzXML.pas"/>
			<DCCReference Include="..\..\FormsBoutique\Document\SalePodium.pas">
				<Form>SalePodiumForm</Form>
				<DesignClass>TParentForm</DesignClass>
			</DCCReference>
			<DCCReference Include="..\..\FormsBoutique\Document\SalePodiumJournal.pas">
				<Form>SalePodiumJournalForm</Form>
				<DesignClass>TParentForm</DesignClass>
			</DCCReference>
			<DCCReference Include="..\..\FormsBoutique\Report\Report_MotionOLAP.pas">
				<Form>Report_MotionOLAPForm</Form>
				<DesignClass>TParentForm</DesignClass>
			</DCCReference>
			<DCCReference Include="..\..\FormsBoutique\Report\Report_MotionOLAPDialog.pas">
				<Form>Report_MotionOLAPDialogForm</Form>
				<DesignClass>TParentForm</DesignClass>
			</DCCReference>
			<DCCReference Include="..\..\FormsBoutique\Guides\PriceListItem_Currency.pas">
				<Form>PriceListItem_CurrencyForm</Form>
				<DesignClass>TParentForm</DesignClass>
			</DCCReference>
			<DCCReference Include="..\..\FormsBoutique\Guides\GoodsTag.pas">
				<Form>GoodsTagForm</Form>
				<DesignClass>TParentForm</DesignClass>
			</DCCReference>
			<DCCReference Include="..\..\FormsBoutique\Guides\GoodsTagEdit.pas">
				<Form>GoodsTagEditForm</Form>
				<DesignClass>TParentForm</DesignClass>
			</DCCReference>
			<DCCReference Include="..\..\FormsBoutique\Document\SendPodium.pas">
				<Form>SendPodiumForm</Form>
				<DesignClass>TParentForm</DesignClass>
			</DCCReference>
			<DCCReference Include="..\..\FormsBoutique\Document\SendPodiumJournal.pas">
				<Form>SendPodiumJournalForm</Form>
				<DesignClass>TParentForm</DesignClass>
			</DCCReference>
			<DCCReference Include="..\..\FormsBoutique\Report\Report_Goods_RemainsCurrent_onDate.pas">
				<Form>Report_Goods_RemainsCurrent_onDateForm</Form>
				<DesignClass>TParentForm</DesignClass>
			</DCCReference>
			<DCCReference Include="..\..\FormsBoutique\Report\Report_Goods_RemainsCurrent_onDateDialog.pas">
				<Form>Report_Goods_RemainsCurrent_onDateDialogForm</Form>
				<DesignClass>TParentForm</DesignClass>
			</DCCReference>
			<DCCReference Include="..\..\FormsBoutique\Document\GoodsAccountPodium.pas">
				<Form>GoodsAccountPodiumForm</Form>
				<DesignClass>TParentForm</DesignClass>
			</DCCReference>
			<DCCReference Include="..\..\FormsBoutique\Document\GoodsAccountPodiumJournal.pas">
				<Form>GoodsAccountPodiumJournalForm</Form>
				<DesignClass>TParentForm</DesignClass>
			</DCCReference>
			<DCCReference Include="..\..\FormsBoutique\Document\GoodsAccountPodiumItemEdit.pas">
				<Form>GoodsAccountPodiumItemEditForm</Form>
				<DesignClass>TParentForm</DesignClass>
			</DCCReference>
			<DCCReference Include="..\..\FormsBoutique\Document\ReturnInPodiumItemEdit.pas">
				<Form>ReturnInPodiumItemEditForm</Form>
				<DesignClass>TParentForm</DesignClass>
			</DCCReference>
			<DCCReference Include="..\..\FormsBoutique\Document\ReturnInPodiumJournal.pas">
				<Form>ReturnInPodiumJournalForm</Form>
				<DesignClass>TParentForm</DesignClass>
			</DCCReference>
			<DCCReference Include="..\..\FormsBoutique\Document\ReturnInPodium.pas">
				<Form>ReturnInPodiumForm</Form>
				<DesignClass>TParentForm</DesignClass>
			</DCCReference>
			<DCCReference Include="..\..\SOURCE\COMPONENT\dsdTranslator.pas"/>
			<DCCReference Include="..\..\SOURCE\MeDOC\Medoc_J1201011.pas"/>
			<DCCReference Include="..\..\SOURCE\MeDOC\Medoc_J1201211.pas"/>
			<BuildConfiguration Include="Release">
				<Key>Cfg_2</Key>
				<CfgParent>Base</CfgParent>
			</BuildConfiguration>
			<BuildConfiguration Include="Base">
				<Key>Base</Key>
			</BuildConfiguration>
			<BuildConfiguration Include="Debug">
				<Key>Cfg_1</Key>
				<CfgParent>Base</CfgParent>
			</BuildConfiguration>
		</ItemGroup>
		<ProjectExtensions>
			<Borland.Personality>Delphi.Personality.12</Borland.Personality>
			<Borland.ProjectType/>
			<BorlandProject>
				<Delphi.Personality>
					<VersionInfo>
						<VersionInfo Name="IncludeVerInfo">False</VersionInfo>
						<VersionInfo Name="AutoIncBuild">False</VersionInfo>
						<VersionInfo Name="MajorVer">1</VersionInfo>
						<VersionInfo Name="MinorVer">0</VersionInfo>
						<VersionInfo Name="Release">0</VersionInfo>
						<VersionInfo Name="Build">0</VersionInfo>
						<VersionInfo Name="Debug">False</VersionInfo>
						<VersionInfo Name="PreRelease">False</VersionInfo>
						<VersionInfo Name="Special">False</VersionInfo>
						<VersionInfo Name="Private">False</VersionInfo>
						<VersionInfo Name="DLL">False</VersionInfo>
						<VersionInfo Name="Locale">1049</VersionInfo>
						<VersionInfo Name="CodePage">1251</VersionInfo>
					</VersionInfo>
					<VersionInfoKeys>
						<VersionInfoKeys Name="CompanyName"/>
						<VersionInfoKeys Name="FileDescription"/>
						<VersionInfoKeys Name="FileVersion">1.0.0.0</VersionInfoKeys>
						<VersionInfoKeys Name="InternalName"/>
						<VersionInfoKeys Name="LegalCopyright"/>
						<VersionInfoKeys Name="LegalTrademarks"/>
						<VersionInfoKeys Name="OriginalFilename"/>
						<VersionInfoKeys Name="ProductName"/>
						<VersionInfoKeys Name="ProductVersion">1.0.0.0</VersionInfoKeys>
						<VersionInfoKeys Name="Comments"/>
					</VersionInfoKeys>
					<Excluded_Packages>
						<Excluded_Packages Name="$(BDSBIN)\dcloffice2k160.bpl">Microsoft Office 2000 Sample Automation Server Wrapper Components</Excluded_Packages>
						<Excluded_Packages Name="$(BDSBIN)\dclofficexp160.bpl">Microsoft Office XP Sample Automation Server Wrapper Components</Excluded_Packages>
						<Excluded_Packages Name="$(BDSBIN)\dclIPIndyImpl160.bpl">IP Abstraction Indy Implementation Design Time</Excluded_Packages>
					</Excluded_Packages>
					<Source>
						<Source Name="MainSource">PodiumTest.dpr</Source>
					</Source>
				</Delphi.Personality>
				<Deployment/>
				<Platforms>
					<Platform value="Win64">False</Platform>
					<Platform value="Win32">True</Platform>
				</Platforms>
				<ModelSupport>False</ModelSupport>
			</BorlandProject>
			<ProjectFileVersion>12</ProjectFileVersion>
		</ProjectExtensions>
		<Import Condition="Exists('$(BDS)\Bin\CodeGear.Delphi.Targets')" Project="$(BDS)\Bin\CodeGear.Delphi.Targets"/>
		<Import Condition="Exists('$(APPDATA)\Embarcadero\$(BDSAPPDATABASEDIR)\$(PRODUCTVERSION)\UserTools.proj')" Project="$(APPDATA)\Embarcadero\$(BDSAPPDATABASEDIR)\$(PRODUCTVERSION)\UserTools.proj"/>
	</Project>
